// !$*UTF8*$!
{
	archiveVersion = 1;
	classes = {
	};
	objectVersion = 53;
	objects = {

/* Begin PBXBuildFile section */
		A78964D42905D69E00267C3F /* Carta.m in Sources */ = {isa = PBXBuildFile; fileRef = A78964D32905D69E00267C3F /* Carta.m */; };
		A78964DB2905D85C00267C3F /* JuegoCarta.m in Sources */ = {isa = PBXBuildFile; fileRef = A78964DA2905D85C00267C3F /* JuegoCarta.m */; };
		A78964E42905E28D00267C3F /* Deck.m in Sources */ = {isa = PBXBuildFile; fileRef = A78964E32905E28C00267C3F /* Deck.m */; };
		A78964EA2905FF5200267C3F /* JuegoCartaDeck.m in Sources */ = {isa = PBXBuildFile; fileRef = A78964E92905FF5200267C3F /* JuegoCartaDeck.m */; };
		A78964F6290610BC00267C3F /* CardMatchingGame.m in Sources */ = {isa = PBXBuildFile; fileRef = A78964F5290610BC00267C3F /* CardMatchingGame.m */; };
		AC6293AD28F71B890047B99F /* AppDelegate.m in Sources */ = {isa = PBXBuildFile; fileRef = AC6293AC28F71B890047B99F /* AppDelegate.m */; };
		AC6293B028F71B890047B99F /* SceneDelegate.m in Sources */ = {isa = PBXBuildFile; fileRef = AC6293AF28F71B890047B99F /* SceneDelegate.m */; };
		AC6293B328F71B890047B99F /* ViewController.m in Sources */ = {isa = PBXBuildFile; fileRef = AC6293B228F71B890047B99F /* ViewController.m */; };
		AC6293B628F71B890047B99F /* Main.storyboard in Resources */ = {isa = PBXBuildFile; fileRef = AC6293B428F71B890047B99F /* Main.storyboard */; };
		AC6293B828F71B8A0047B99F /* Assets.xcassets in Resources */ = {isa = PBXBuildFile; fileRef = AC6293B728F71B8A0047B99F /* Assets.xcassets */; };
		AC6293BB28F71B8A0047B99F /* LaunchScreen.storyboard in Resources */ = {isa = PBXBuildFile; fileRef = AC6293B928F71B8A0047B99F /* LaunchScreen.storyboard */; };
		AC6293BE28F71B8A0047B99F /* main.m in Sources */ = {isa = PBXBuildFile; fileRef = AC6293BD28F71B8A0047B99F /* main.m */; };
		AC6293C828F71B8B0047B99F /* JuegoCartas_V1Tests.m in Sources */ = {isa = PBXBuildFile; fileRef = AC6293C728F71B8B0047B99F /* JuegoCartas_V1Tests.m */; };
		AC6293D228F71B8B0047B99F /* JuegoCartas_V1UITests.m in Sources */ = {isa = PBXBuildFile; fileRef = AC6293D128F71B8B0047B99F /* JuegoCartas_V1UITests.m */; };
		AC6293D428F71B8B0047B99F /* JuegoCartas_V1UITestsLaunchTests.m in Sources */ = {isa = PBXBuildFile; fileRef = AC6293D328F71B8B0047B99F /* JuegoCartas_V1UITestsLaunchTests.m */; };
/* End PBXBuildFile section */

/* Begin PBXContainerItemProxy section */
		AC6293C428F71B8B0047B99F /* PBXContainerItemProxy */ = {
			isa = PBXContainerItemProxy;
			containerPortal = AC6293A028F71B890047B99F /* Project object */;
			proxyType = 1;
			remoteGlobalIDString = AC6293A728F71B890047B99F;
			remoteInfo = JuegoCartas_V1;
		};
		AC6293CE28F71B8B0047B99F /* PBXContainerItemProxy */ = {
			isa = PBXContainerItemProxy;
			containerPortal = AC6293A028F71B890047B99F /* Project object */;
			proxyType = 1;
			remoteGlobalIDString = AC6293A728F71B890047B99F;
			remoteInfo = JuegoCartas_V1;
		};
/* End PBXContainerItemProxy section */

/* Begin PBXFileReference section */
		A78964D22905D69E00267C3F /* Carta.h */ = {isa = PBXFileReference; lastKnownFileType = sourcecode.c.h; path = Carta.h; sourceTree = "<group>"; };
		A78964D32905D69E00267C3F /* Carta.m */ = {isa = PBXFileReference; lastKnownFileType = sourcecode.c.objc; path = Carta.m; sourceTree = "<group>"; };
		A78964D92905D85C00267C3F /* JuegoCarta.h */ = {isa = PBXFileReference; lastKnownFileType = sourcecode.c.h; path = JuegoCarta.h; sourceTree = "<group>"; };
		A78964DA2905D85C00267C3F /* JuegoCarta.m */ = {isa = PBXFileReference; lastKnownFileType = sourcecode.c.objc; path = JuegoCarta.m; sourceTree = "<group>"; };
		A78964E22905E28C00267C3F /* Deck.h */ = {isa = PBXFileReference; lastKnownFileType = sourcecode.c.h; path = Deck.h; sourceTree = "<group>"; };
		A78964E32905E28C00267C3F /* Deck.m */ = {isa = PBXFileReference; lastKnownFileType = sourcecode.c.objc; path = Deck.m; sourceTree = "<group>"; };
		A78964E82905FF5200267C3F /* JuegoCartaDeck.h */ = {isa = PBXFileReference; lastKnownFileType = sourcecode.c.h; path = JuegoCartaDeck.h; sourceTree = "<group>"; };
		A78964E92905FF5200267C3F /* JuegoCartaDeck.m */ = {isa = PBXFileReference; lastKnownFileType = sourcecode.c.objc; path = JuegoCartaDeck.m; sourceTree = "<group>"; };
		A78964F4290610BC00267C3F /* CardMatchingGame.h */ = {isa = PBXFileReference; lastKnownFileType = sourcecode.c.h; path = CardMatchingGame.h; sourceTree = "<group>"; };
		A78964F5290610BC00267C3F /* CardMatchingGame.m */ = {isa = PBXFileReference; lastKnownFileType = sourcecode.c.objc; path = CardMatchingGame.m; sourceTree = "<group>"; };
		AC6293A828F71B890047B99F /* JuegoCartas_V1.app */ = {isa = PBXFileReference; explicitFileType = wrapper.application; includeInIndex = 0; path = JuegoCartas_V1.app; sourceTree = BUILT_PRODUCTS_DIR; };
		AC6293AB28F71B890047B99F /* AppDelegate.h */ = {isa = PBXFileReference; lastKnownFileType = sourcecode.c.h; path = AppDelegate.h; sourceTree = "<group>"; };
		AC6293AC28F71B890047B99F /* AppDelegate.m */ = {isa = PBXFileReference; lastKnownFileType = sourcecode.c.objc; path = AppDelegate.m; sourceTree = "<group>"; };
		AC6293AE28F71B890047B99F /* SceneDelegate.h */ = {isa = PBXFileReference; lastKnownFileType = sourcecode.c.h; path = SceneDelegate.h; sourceTree = "<group>"; };
		AC6293AF28F71B890047B99F /* SceneDelegate.m */ = {isa = PBXFileReference; lastKnownFileType = sourcecode.c.objc; path = SceneDelegate.m; sourceTree = "<group>"; };
		AC6293B128F71B890047B99F /* ViewController.h */ = {isa = PBXFileReference; lastKnownFileType = sourcecode.c.h; path = ViewController.h; sourceTree = "<group>"; };
		AC6293B228F71B890047B99F /* ViewController.m */ = {isa = PBXFileReference; lastKnownFileType = sourcecode.c.objc; path = ViewController.m; sourceTree = "<group>"; };
		AC6293B528F71B890047B99F /* Base */ = {isa = PBXFileReference; lastKnownFileType = file.storyboard; name = Base; path = Base.lproj/Main.storyboard; sourceTree = "<group>"; };
		AC6293B728F71B8A0047B99F /* Assets.xcassets */ = {isa = PBXFileReference; lastKnownFileType = folder.assetcatalog; path = Assets.xcassets; sourceTree = "<group>"; };
		AC6293BA28F71B8A0047B99F /* Base */ = {isa = PBXFileReference; lastKnownFileType = file.storyboard; name = Base; path = Base.lproj/LaunchScreen.storyboard; sourceTree = "<group>"; };
		AC6293BC28F71B8A0047B99F /* Info.plist */ = {isa = PBXFileReference; lastKnownFileType = text.plist.xml; path = Info.plist; sourceTree = "<group>"; };
		AC6293BD28F71B8A0047B99F /* main.m */ = {isa = PBXFileReference; lastKnownFileType = sourcecode.c.objc; path = main.m; sourceTree = "<group>"; };
		AC6293C328F71B8B0047B99F /* JuegoCartas_V1Tests.xctest */ = {isa = PBXFileReference; explicitFileType = wrapper.cfbundle; includeInIndex = 0; path = JuegoCartas_V1Tests.xctest; sourceTree = BUILT_PRODUCTS_DIR; };
		AC6293C728F71B8B0047B99F /* JuegoCartas_V1Tests.m */ = {isa = PBXFileReference; lastKnownFileType = sourcecode.c.objc; path = JuegoCartas_V1Tests.m; sourceTree = "<group>"; };
		AC6293CD28F71B8B0047B99F /* JuegoCartas_V1UITests.xctest */ = {isa = PBXFileReference; explicitFileType = wrapper.cfbundle; includeInIndex = 0; path = JuegoCartas_V1UITests.xctest; sourceTree = BUILT_PRODUCTS_DIR; };
		AC6293D128F71B8B0047B99F /* JuegoCartas_V1UITests.m */ = {isa = PBXFileReference; lastKnownFileType = sourcecode.c.objc; path = JuegoCartas_V1UITests.m; sourceTree = "<group>"; };
		AC6293D328F71B8B0047B99F /* JuegoCartas_V1UITestsLaunchTests.m */ = {isa = PBXFileReference; lastKnownFileType = sourcecode.c.objc; path = JuegoCartas_V1UITestsLaunchTests.m; sourceTree = "<group>"; };
/* End PBXFileReference section */

/* Begin PBXFrameworksBuildPhase section */
		AC6293A528F71B890047B99F /* Frameworks */ = {
			isa = PBXFrameworksBuildPhase;
			buildActionMask = 2147483647;
			files = (
			);
			runOnlyForDeploymentPostprocessing = 0;
		};
		AC6293C028F71B8B0047B99F /* Frameworks */ = {
			isa = PBXFrameworksBuildPhase;
			buildActionMask = 2147483647;
			files = (
			);
			runOnlyForDeploymentPostprocessing = 0;
		};
		AC6293CA28F71B8B0047B99F /* Frameworks */ = {
			isa = PBXFrameworksBuildPhase;
			buildActionMask = 2147483647;
			files = (
			);
			runOnlyForDeploymentPostprocessing = 0;
		};
/* End PBXFrameworksBuildPhase section */

/* Begin PBXGroup section */
		AC62939F28F71B890047B99F = {
			isa = PBXGroup;
			children = (
				AC6293AA28F71B890047B99F /* JuegoCartas_V1 */,
				AC6293C628F71B8B0047B99F /* JuegoCartas_V1Tests */,
				AC6293D028F71B8B0047B99F /* JuegoCartas_V1UITests */,
				AC6293A928F71B890047B99F /* Products */,
			);
			sourceTree = "<group>";
		};
		AC6293A928F71B890047B99F /* Products */ = {
			isa = PBXGroup;
			children = (
				AC6293A828F71B890047B99F /* JuegoCartas_V1.app */,
				AC6293C328F71B8B0047B99F /* JuegoCartas_V1Tests.xctest */,
				AC6293CD28F71B8B0047B99F /* JuegoCartas_V1UITests.xctest */,
			);
			name = Products;
			sourceTree = "<group>";
		};
		AC6293AA28F71B890047B99F /* JuegoCartas_V1 */ = {
			isa = PBXGroup;
			children = (
				AC6293AB28F71B890047B99F /* AppDelegate.h */,
				AC6293AC28F71B890047B99F /* AppDelegate.m */,
				AC6293AE28F71B890047B99F /* SceneDelegate.h */,
				AC6293AF28F71B890047B99F /* SceneDelegate.m */,
				AC6293B128F71B890047B99F /* ViewController.h */,
				AC6293B228F71B890047B99F /* ViewController.m */,
				AC6293B428F71B890047B99F /* Main.storyboard */,
				AC6293B728F71B8A0047B99F /* Assets.xcassets */,
				AC6293B928F71B8A0047B99F /* LaunchScreen.storyboard */,
				AC6293BC28F71B8A0047B99F /* Info.plist */,
				AC6293BD28F71B8A0047B99F /* main.m */,
				A78964D32905D69E00267C3F /* Carta.m */,
				A78964D22905D69E00267C3F /* Carta.h */,
				A78964D92905D85C00267C3F /* JuegoCarta.h */,
				A78964DA2905D85C00267C3F /* JuegoCarta.m */,
				A78964E22905E28C00267C3F /* Deck.h */,
				A78964E32905E28C00267C3F /* Deck.m */,
				A78964E82905FF5200267C3F /* JuegoCartaDeck.h */,
				A78964E92905FF5200267C3F /* JuegoCartaDeck.m */,
				A78964F4290610BC00267C3F /* CardMatchingGame.h */,
				A78964F5290610BC00267C3F /* CardMatchingGame.m */,
			);
			path = JuegoCartas_V1;
			sourceTree = "<group>";
		};
		AC6293C628F71B8B0047B99F /* JuegoCartas_V1Tests */ = {
			isa = PBXGroup;
			children = (
				AC6293C728F71B8B0047B99F /* JuegoCartas_V1Tests.m */,
			);
			path = JuegoCartas_V1Tests;
			sourceTree = "<group>";
		};
		AC6293D028F71B8B0047B99F /* JuegoCartas_V1UITests */ = {
			isa = PBXGroup;
			children = (
				AC6293D128F71B8B0047B99F /* JuegoCartas_V1UITests.m */,
				AC6293D328F71B8B0047B99F /* JuegoCartas_V1UITestsLaunchTests.m */,
			);
			path = JuegoCartas_V1UITests;
			sourceTree = "<group>";
		};
/* End PBXGroup section */

/* Begin PBXNativeTarget section */
		AC6293A728F71B890047B99F /* JuegoCartas_V1 */ = {
			isa = PBXNativeTarget;
			buildConfigurationList = AC6293D728F71B8B0047B99F /* Build configuration list for PBXNativeTarget "JuegoCartas_V1" */;
			buildPhases = (
				AC6293A428F71B890047B99F /* Sources */,
				AC6293A528F71B890047B99F /* Frameworks */,
				AC6293A628F71B890047B99F /* Resources */,
			);
			buildRules = (
			);
			dependencies = (
			);
			name = JuegoCartas_V1;
			productName = JuegoCartas_V1;
			productReference = AC6293A828F71B890047B99F /* JuegoCartas_V1.app */;
			productType = "com.apple.product-type.application";
		};
		AC6293C228F71B8B0047B99F /* JuegoCartas_V1Tests */ = {
			isa = PBXNativeTarget;
			buildConfigurationList = AC6293DA28F71B8B0047B99F /* Build configuration list for PBXNativeTarget "JuegoCartas_V1Tests" */;
			buildPhases = (
				AC6293BF28F71B8B0047B99F /* Sources */,
				AC6293C028F71B8B0047B99F /* Frameworks */,
				AC6293C128F71B8B0047B99F /* Resources */,
			);
			buildRules = (
			);
			dependencies = (
				AC6293C528F71B8B0047B99F /* PBXTargetDependency */,
			);
			name = JuegoCartas_V1Tests;
			productName = JuegoCartas_V1Tests;
			productReference = AC6293C328F71B8B0047B99F /* JuegoCartas_V1Tests.xctest */;
			productType = "com.apple.product-type.bundle.unit-test";
		};
		AC6293CC28F71B8B0047B99F /* JuegoCartas_V1UITests */ = {
			isa = PBXNativeTarget;
			buildConfigurationList = AC6293DD28F71B8B0047B99F /* Build configuration list for PBXNativeTarget "JuegoCartas_V1UITests" */;
			buildPhases = (
				AC6293C928F71B8B0047B99F /* Sources */,
				AC6293CA28F71B8B0047B99F /* Frameworks */,
				AC6293CB28F71B8B0047B99F /* Resources */,
			);
			buildRules = (
			);
			dependencies = (
				AC6293CF28F71B8B0047B99F /* PBXTargetDependency */,
			);
			name = JuegoCartas_V1UITests;
			productName = JuegoCartas_V1UITests;
			productReference = AC6293CD28F71B8B0047B99F /* JuegoCartas_V1UITests.xctest */;
			productType = "com.apple.product-type.bundle.ui-testing";
		};
/* End PBXNativeTarget section */

/* Begin PBXProject section */
		AC6293A028F71B890047B99F /* Project object */ = {
			isa = PBXProject;
			attributes = {
				BuildIndependentTargetsInParallel = 1;
				LastUpgradeCheck = 1340;
				TargetAttributes = {
					AC6293A728F71B890047B99F = {
						CreatedOnToolsVersion = 13.4.1;
					};
					AC6293C228F71B8B0047B99F = {
						CreatedOnToolsVersion = 13.4.1;
						TestTargetID = AC6293A728F71B890047B99F;
					};
					AC6293CC28F71B8B0047B99F = {
						CreatedOnToolsVersion = 13.4.1;
						TestTargetID = AC6293A728F71B890047B99F;
					};
				};
			};
			buildConfigurationList = AC6293A328F71B890047B99F /* Build configuration list for PBXProject "JuegoCartas_V1" */;
			compatibilityVersion = "Xcode 9.3";
			developmentRegion = en;
			hasScannedForEncodings = 0;
			knownRegions = (
				en,
				Base,
			);
			mainGroup = AC62939F28F71B890047B99F;
			productRefGroup = AC6293A928F71B890047B99F /* Products */;
			projectDirPath = "";
			projectRoot = "";
			targets = (
				AC6293A728F71B890047B99F /* JuegoCartas_V1 */,
				AC6293C228F71B8B0047B99F /* JuegoCartas_V1Tests */,
				AC6293CC28F71B8B0047B99F /* JuegoCartas_V1UITests */,
			);
		};
/* End PBXProject section */

/* Begin PBXResourcesBuildPhase section */
		AC6293A628F71B890047B99F /* Resources */ = {
			isa = PBXResourcesBuildPhase;
			buildActionMask = 2147483647;
			files = (
				AC6293BB28F71B8A0047B99F /* LaunchScreen.storyboard in Resources */,
				AC6293B828F71B8A0047B99F /* Assets.xcassets in Resources */,
				AC6293B628F71B890047B99F /* Main.storyboard in Resources */,
			);
			runOnlyForDeploymentPostprocessing = 0;
		};
		AC6293C128F71B8B0047B99F /* Resources */ = {
			isa = PBXResourcesBuildPhase;
			buildActionMask = 2147483647;
			files = (
			);
			runOnlyForDeploymentPostprocessing = 0;
		};
		AC6293CB28F71B8B0047B99F /* Resources */ = {
			isa = PBXResourcesBuildPhase;
			buildActionMask = 2147483647;
			files = (
			);
			runOnlyForDeploymentPostprocessing = 0;
		};
/* End PBXResourcesBuildPhase section */

/* Begin PBXSourcesBuildPhase section */
		AC6293A428F71B890047B99F /* Sources */ = {
			isa = PBXSourcesBuildPhase;
			buildActionMask = 2147483647;
			files = (
				A78964DB2905D85C00267C3F /* JuegoCarta.m in Sources */,
				A78964E42905E28D00267C3F /* Deck.m in Sources */,
				AC6293B328F71B890047B99F /* ViewController.m in Sources */,
				A78964F6290610BC00267C3F /* CardMatchingGame.m in Sources */,
				AC6293AD28F71B890047B99F /* AppDelegate.m in Sources */,
				A78964D42905D69E00267C3F /* Carta.m in Sources */,
				AC6293BE28F71B8A0047B99F /* main.m in Sources */,
				AC6293B028F71B890047B99F /* SceneDelegate.m in Sources */,
				A78964EA2905FF5200267C3F /* JuegoCartaDeck.m in Sources */,
			);
			runOnlyForDeploymentPostprocessing = 0;
		};
		AC6293BF28F71B8B0047B99F /* Sources */ = {
			isa = PBXSourcesBuildPhase;
			buildActionMask = 2147483647;
			files = (
				AC6293C828F71B8B0047B99F /* JuegoCartas_V1Tests.m in Sources */,
			);
			runOnlyForDeploymentPostprocessing = 0;
		};
		AC6293C928F71B8B0047B99F /* Sources */ = {
			isa = PBXSourcesBuildPhase;
			buildActionMask = 2147483647;
			files = (
				AC6293D428F71B8B0047B99F /* JuegoCartas_V1UITestsLaunchTests.m in Sources */,
				AC6293D228F71B8B0047B99F /* JuegoCartas_V1UITests.m in Sources */,
			);
			runOnlyForDeploymentPostprocessing = 0;
		};
/* End PBXSourcesBuildPhase section */

/* Begin PBXTargetDependency section */
		AC6293C528F71B8B0047B99F /* PBXTargetDependency */ = {
			isa = PBXTargetDependency;
			target = AC6293A728F71B890047B99F /* JuegoCartas_V1 */;
			targetProxy = AC6293C428F71B8B0047B99F /* PBXContainerItemProxy */;
		};
		AC6293CF28F71B8B0047B99F /* PBXTargetDependency */ = {
			isa = PBXTargetDependency;
			target = AC6293A728F71B890047B99F /* JuegoCartas_V1 */;
			targetProxy = AC6293CE28F71B8B0047B99F /* PBXContainerItemProxy */;
		};
/* End PBXTargetDependency section */

/* Begin PBXVariantGroup section */
		AC6293B428F71B890047B99F /* Main.storyboard */ = {
			isa = PBXVariantGroup;
			children = (
				AC6293B528F71B890047B99F /* Base */,
			);
			name = Main.storyboard;
			sourceTree = "<group>";
		};
		AC6293B928F71B8A0047B99F /* LaunchScreen.storyboard */ = {
			isa = PBXVariantGroup;
			children = (
				AC6293BA28F71B8A0047B99F /* Base */,
			);
			name = LaunchScreen.storyboard;
			sourceTree = "<group>";
		};
/* End PBXVariantGroup section */

/* Begin XCBuildConfiguration section */
		AC6293D528F71B8B0047B99F /* Debug */ = {
			isa = XCBuildConfiguration;
			buildSettings = {
				ALWAYS_SEARCH_USER_PATHS = NO;
				CLANG_ANALYZER_NONNULL = YES;
				CLANG_ANALYZER_NUMBER_OBJECT_CONVERSION = YES_AGGRESSIVE;
				CLANG_CXX_LANGUAGE_STANDARD = "gnu++17";
				CLANG_ENABLE_MODULES = YES;
				CLANG_ENABLE_OBJC_ARC = YES;
				CLANG_ENABLE_OBJC_WEAK = YES;
				CLANG_WARN_BLOCK_CAPTURE_AUTORELEASING = YES;
				CLANG_WARN_BOOL_CONVERSION = YES;
				CLANG_WARN_COMMA = YES;
				CLANG_WARN_CONSTANT_CONVERSION = YES;
				CLANG_WARN_DEPRECATED_OBJC_IMPLEMENTATIONS = YES;
				CLANG_WARN_DIRECT_OBJC_ISA_USAGE = YES_ERROR;
				CLANG_WARN_DOCUMENTATION_COMMENTS = YES;
				CLANG_WARN_EMPTY_BODY = YES;
				CLANG_WARN_ENUM_CONVERSION = YES;
				CLANG_WARN_INFINITE_RECURSION = YES;
				CLANG_WARN_INT_CONVERSION = YES;
				CLANG_WARN_NON_LITERAL_NULL_CONVERSION = YES;
				CLANG_WARN_OBJC_IMPLICIT_RETAIN_SELF = YES;
				CLANG_WARN_OBJC_LITERAL_CONVERSION = YES;
				CLANG_WARN_OBJC_ROOT_CLASS = YES_ERROR;
				CLANG_WARN_QUOTED_INCLUDE_IN_FRAMEWORK_HEADER = YES;
				CLANG_WARN_RANGE_LOOP_ANALYSIS = YES;
				CLANG_WARN_STRICT_PROTOTYPES = YES;
				CLANG_WARN_SUSPICIOUS_MOVE = YES;
				CLANG_WARN_UNGUARDED_AVAILABILITY = YES_AGGRESSIVE;
				CLANG_WARN_UNREACHABLE_CODE = YES;
				CLANG_WARN__DUPLICATE_METHOD_MATCH = YES;
				COPY_PHASE_STRIP = NO;
				DEBUG_INFORMATION_FORMAT = dwarf;
				ENABLE_STRICT_OBJC_MSGSEND = YES;
				ENABLE_TESTABILITY = YES;
				GCC_C_LANGUAGE_STANDARD = gnu11;
				GCC_DYNAMIC_NO_PIC = NO;
				GCC_NO_COMMON_BLOCKS = YES;
				GCC_OPTIMIZATION_LEVEL = 0;
				GCC_PREPROCESSOR_DEFINITIONS = (
					"DEBUG=1",
					"$(inherited)",
				);
				GCC_WARN_64_TO_32_BIT_CONVERSION = YES;
				GCC_WARN_ABOUT_RETURN_TYPE = YES_ERROR;
				GCC_WARN_UNDECLARED_SELECTOR = YES;
				GCC_WARN_UNINITIALIZED_AUTOS = YES_AGGRESSIVE;
				GCC_WARN_UNUSED_FUNCTION = YES;
				GCC_WARN_UNUSED_VARIABLE = YES;
				IPHONEOS_DEPLOYMENT_TARGET = 15.5;
				MTL_ENABLE_DEBUG_INFO = INCLUDE_SOURCE;
				MTL_FAST_MATH = YES;
				ONLY_ACTIVE_ARCH = YES;
				SDKROOT = iphoneos;
			};
			name = Debug;
		};
		AC6293D628F71B8B0047B99F /* Release */ = {
			isa = XCBuildConfiguration;
			buildSettings = {
				ALWAYS_SEARCH_USER_PATHS = NO;
				CLANG_ANALYZER_NONNULL = YES;
				CLANG_ANALYZER_NUMBER_OBJECT_CONVERSION = YES_AGGRESSIVE;
				CLANG_CXX_LANGUAGE_STANDARD = "gnu++17";
				CLANG_ENABLE_MODULES = YES;
				CLANG_ENABLE_OBJC_ARC = YES;
				CLANG_ENABLE_OBJC_WEAK = YES;
				CLANG_WARN_BLOCK_CAPTURE_AUTORELEASING = YES;
				CLANG_WARN_BOOL_CONVERSION = YES;
				CLANG_WARN_COMMA = YES;
				CLANG_WARN_CONSTANT_CONVERSION = YES;
				CLANG_WARN_DEPRECATED_OBJC_IMPLEMENTATIONS = YES;
				CLANG_WARN_DIRECT_OBJC_ISA_USAGE = YES_ERROR;
				CLANG_WARN_DOCUMENTATION_COMMENTS = YES;
				CLANG_WARN_EMPTY_BODY = YES;
				CLANG_WARN_ENUM_CONVERSION = YES;
				CLANG_WARN_INFINITE_RECURSION = YES;
				CLANG_WARN_INT_CONVERSION = YES;
				CLANG_WARN_NON_LITERAL_NULL_CONVERSION = YES;
				CLANG_WARN_OBJC_IMPLICIT_RETAIN_SELF = YES;
				CLANG_WARN_OBJC_LITERAL_CONVERSION = YES;
				CLANG_WARN_OBJC_ROOT_CLASS = YES_ERROR;
				CLANG_WARN_QUOTED_INCLUDE_IN_FRAMEWORK_HEADER = YES;
				CLANG_WARN_RANGE_LOOP_ANALYSIS = YES;
				CLANG_WARN_STRICT_PROTOTYPES = YES;
				CLANG_WARN_SUSPICIOUS_MOVE = YES;
				CLANG_WARN_UNGUARDED_AVAILABILITY = YES_AGGRESSIVE;
				CLANG_WARN_UNREACHABLE_CODE = YES;
				CLANG_WARN__DUPLICATE_METHOD_MATCH = YES;
				COPY_PHASE_STRIP = NO;
				DEBUG_INFORMATION_FORMAT = "dwarf-with-dsym";
				ENABLE_NS_ASSERTIONS = NO;
				ENABLE_STRICT_OBJC_MSGSEND = YES;
				GCC_C_LANGUAGE_STANDARD = gnu11;
				GCC_NO_COMMON_BLOCKS = YES;
				GCC_WARN_64_TO_32_BIT_CONVERSION = YES;
				GCC_WARN_ABOUT_RETURN_TYPE = YES_ERROR;
				GCC_WARN_UNDECLARED_SELECTOR = YES;
				GCC_WARN_UNINITIALIZED_AUTOS = YES_AGGRESSIVE;
				GCC_WARN_UNUSED_FUNCTION = YES;
				GCC_WARN_UNUSED_VARIABLE = YES;
				IPHONEOS_DEPLOYMENT_TARGET = 15.5;
				MTL_ENABLE_DEBUG_INFO = NO;
				MTL_FAST_MATH = YES;
				SDKROOT = iphoneos;
				VALIDATE_PRODUCT = YES;
			};
			name = Release;
		};
		AC6293D828F71B8B0047B99F /* Debug */ = {
			isa = XCBuildConfiguration;
			buildSettings = {
				ASSETCATALOG_COMPILER_APPICON_NAME = AppIcon;
				ASSETCATALOG_COMPILER_GLOBAL_ACCENT_COLOR_NAME = AccentColor;
				CODE_SIGN_STYLE = Automatic;
				CURRENT_PROJECT_VERSION = 1;
				GENERATE_INFOPLIST_FILE = YES;
				INFOPLIST_FILE = JuegoCartas_V1/Info.plist;
				INFOPLIST_KEY_UIApplicationSupportsIndirectInputEvents = YES;
				INFOPLIST_KEY_UILaunchStoryboardName = LaunchScreen;
				INFOPLIST_KEY_UIMainStoryboardFile = Main;
				INFOPLIST_KEY_UISupportedInterfaceOrientations_iPad = "UIInterfaceOrientationPortrait UIInterfaceOrientationPortraitUpsideDown UIInterfaceOrientationLandscapeLeft UIInterfaceOrientationLandscapeRight";
				INFOPLIST_KEY_UISupportedInterfaceOrientations_iPhone = "UIInterfaceOrientationPortrait UIInterfaceOrientationLandscapeLeft UIInterfaceOrientationLandscapeRight";
				LD_RUNPATH_SEARCH_PATHS = (
					"$(inherited)",
					"@executable_path/Frameworks",
				);
				MARKETING_VERSION = 1.0;
				PRODUCT_BUNDLE_IDENTIFIER = "RETBOT.JuegoCartas-V1";
				PRODUCT_NAME = "$(TARGET_NAME)";
				SWIFT_EMIT_LOC_STRINGS = YES;
				TARGETED_DEVICE_FAMILY = "1,2";
			};
			name = Debug;
		};
		AC6293D928F71B8B0047B99F /* Release */ = {
			isa = XCBuildConfiguration;
			buildSettings = {
				ASSETCATALOG_COMPILER_APPICON_NAME = AppIcon;
				ASSETCATALOG_COMPILER_GLOBAL_ACCENT_COLOR_NAME = AccentColor;
				CODE_SIGN_STYLE = Automatic;
				CURRENT_PROJECT_VERSION = 1;
				GENERATE_INFOPLIST_FILE = YES;
				INFOPLIST_FILE = JuegoCartas_V1/Info.plist;
				INFOPLIST_KEY_UIApplicationSupportsIndirectInputEvents = YES;
				INFOPLIST_KEY_UILaunchStoryboardName = LaunchScreen;
				INFOPLIST_KEY_UIMainStoryboardFile = Main;
				INFOPLIST_KEY_UISupportedInterfaceOrientations_iPad = "UIInterfaceOrientationPortrait UIInterfaceOrientationPortraitUpsideDown UIInterfaceOrientationLandscapeLeft UIInterfaceOrientationLandscapeRight";
				INFOPLIST_KEY_UISupportedInterfaceOrientations_iPhone = "UIInterfaceOrientationPortrait UIInterfaceOrientationLandscapeLeft UIInterfaceOrientationLandscapeRight";
				LD_RUNPATH_SEARCH_PATHS = (
					"$(inherited)",
					"@executable_path/Frameworks",
				);
				MARKETING_VERSION = 1.0;
				PRODUCT_BUNDLE_IDENTIFIER = "RETBOT.JuegoCartas-V1";
				PRODUCT_NAME = "$(TARGET_NAME)";
				SWIFT_EMIT_LOC_STRINGS = YES;
				TARGETED_DEVICE_FAMILY = "1,2";
			};
			name = Release;
		};
		AC6293DB28F71B8B0047B99F /* Debug */ = {
			isa = XCBuildConfiguration;
			buildSettings = {
				BUNDLE_LOADER = "$(TEST_HOST)";
				CODE_SIGN_STYLE = Automatic;
				CURRENT_PROJECT_VERSION = 1;
				GENERATE_INFOPLIST_FILE = YES;
				IPHONEOS_DEPLOYMENT_TARGET = 15.5;
				MARKETING_VERSION = 1.0;
				PRODUCT_BUNDLE_IDENTIFIER = "FTYGY.JuegoCartas-V1Tests";
				PRODUCT_NAME = "$(TARGET_NAME)";
				SWIFT_EMIT_LOC_STRINGS = NO;
				TARGETED_DEVICE_FAMILY = "1,2";
				TEST_HOST = "$(BUILT_PRODUCTS_DIR)/JuegoCartas_V1.app/JuegoCartas_V1";
			};
			name = Debug;
		};
		AC6293DC28F71B8B0047B99F /* Release */ = {
			isa = XCBuildConfiguration;
			buildSettings = {
				BUNDLE_LOADER = "$(TEST_HOST)";
				CODE_SIGN_STYLE = Automatic;
				CURRENT_PROJECT_VERSION = 1;
				GENERATE_INFOPLIST_FILE = YES;
				IPHONEOS_DEPLOYMENT_TARGET = 15.5;
				MARKETING_VERSION = 1.0;
				PRODUCT_BUNDLE_IDENTIFIER = "FTYGY.JuegoCartas-V1Tests";
				PRODUCT_NAME = "$(TARGET_NAME)";
				SWIFT_EMIT_LOC_STRINGS = NO;
				TARGETED_DEVICE_FAMILY = "1,2";
				TEST_HOST = "$(BUILT_PRODUCTS_DIR)/JuegoCartas_V1.app/JuegoCartas_V1";
			};
			name = Release;
		};
		AC6293DE28F71B8B0047B99F /* Debug */ = {
			isa = XCBuildConfiguration;
			buildSettings = {
				CODE_SIGN_STYLE = Automatic;
				CURRENT_PROJECT_VERSION = 1;
				GENERATE_INFOPLIST_FILE = YES;
				MARKETING_VERSION = 1.0;
				PRODUCT_BUNDLE_IDENTIFIER = "FTYGY.JuegoCartas-V1UITests";
				PRODUCT_NAME = "$(TARGET_NAME)";
				SWIFT_EMIT_LOC_STRINGS = NO;
				TARGETED_DEVICE_FAMILY = "1,2";
				TEST_TARGET_NAME = JuegoCartas_V1;
			};
			name = Debug;
		};
		AC6293DF28F71B8B0047B99F /* Release */ = {
			isa = XCBuildConfiguration;
			buildSettings = {
				CODE_SIGN_STYLE = Automatic;
				CURRENT_PROJECT_VERSION = 1;
				GENERATE_INFOPLIST_FILE = YES;
				MARKETING_VERSION = 1.0;
				PRODUCT_BUNDLE_IDENTIFIER = "FTYGY.JuegoCartas-V1UITests";
				PRODUCT_NAME = "$(TARGET_NAME)";
				SWIFT_EMIT_LOC_STRINGS = NO;
				TARGETED_DEVICE_FAMILY = "1,2";
				TEST_TARGET_NAME = JuegoCartas_V1;
			};
			name = Release;
		};
/* End XCBuildConfiguration section */

/* Begin XCConfigurationList section */
		AC6293A328F71B890047B99F /* Build configuration list for PBXProject "JuegoCartas_V1" */ = {
			isa = XCConfigurationList;
			buildConfigurations = (
				AC6293D528F71B8B0047B99F /* Debug */,
				AC6293D628F71B8B0047B99F /* Release */,
			);
			defaultConfigurationIsVisible = 0;
			defaultConfigurationName = Release;
		};
		AC6293D728F71B8B0047B99F /* Build configuration list for PBXNativeTarget "JuegoCartas_V1" */ = {
			isa = XCConfigurationList;
			buildConfigurations = (
				AC6293D828F71B8B0047B99F /* Debug */,
				AC6293D928F71B8B0047B99F /* Release */,
			);
			defaultConfigurationIsVisible = 0;
			defaultConfigurationName = Release;
		};
		AC6293DA28F71B8B0047B99F /* Build configuration list for PBXNativeTarget "JuegoCartas_V1Tests" */ = {
			isa = XCConfigurationList;
			buildConfigurations = (
				AC6293DB28F71B8B0047B99F /* Debug */,
				AC6293DC28F71B8B0047B99F /* Release */,
			);
			defaultConfigurationIsVisible = 0;
			defaultConfigurationName = Release;
		};
		AC6293DD28F71B8B0047B99F /* Build configuration list for PBXNativeTarget "JuegoCartas_V1UITests" */ = {
			isa = XCConfigurationList;
			buildConfigurations = (
				AC6293DE28F71B8B0047B99F /* Debug */,
				AC6293DF28F71B8B0047B99F /* Release */,
			);
			defaultConfigurationIsVisible = 0;
			defaultConfigurationName = Release;
		};
/* End XCConfigurationList section */
	};
	rootObject = AC6293A028F71B890047B99F /* Project object */;
}
