// !$*UTF8*$!
{
	archiveVersion = 1;
	classes = {
	};
	objectVersion = 53;
	objects = {

/* Begin PBXBuildFile section */
		AC791FA4292D389E002EA5AF /* AppDelegate.swift in Sources */ = {isa = PBXBuildFile; fileRef = AC791FA3292D389E002EA5AF /* AppDelegate.swift */; };
		AC791FA6292D389E002EA5AF /* SceneDelegate.swift in Sources */ = {isa = PBXBuildFile; fileRef = AC791FA5292D389E002EA5AF /* SceneDelegate.swift */; };
		AC791FA8292D389E002EA5AF /* ViewController.swift in Sources */ = {isa = PBXBuildFile; fileRef = AC791FA7292D389E002EA5AF /* ViewController.swift */; };
		AC791FAB292D389E002EA5AF /* Main.storyboard in Resources */ = {isa = PBXBuildFile; fileRef = AC791FA9292D389E002EA5AF /* Main.storyboard */; };
		AC791FAD292D38A0002EA5AF /* Assets.xcassets in Resources */ = {isa = PBXBuildFile; fileRef = AC791FAC292D38A0002EA5AF /* Assets.xcassets */; };
		AC791FB0292D38A0002EA5AF /* LaunchScreen.storyboard in Resources */ = {isa = PBXBuildFile; fileRef = AC791FAE292D38A0002EA5AF /* LaunchScreen.storyboard */; };
		AC791FBB292D38A1002EA5AF /* appSwiftConjuntosIOsTests.swift in Sources */ = {isa = PBXBuildFile; fileRef = AC791FBA292D38A1002EA5AF /* appSwiftConjuntosIOsTests.swift */; };
		AC791FC5292D38A1002EA5AF /* appSwiftConjuntosIOsUITests.swift in Sources */ = {isa = PBXBuildFile; fileRef = AC791FC4292D38A1002EA5AF /* appSwiftConjuntosIOsUITests.swift */; };
		AC791FC7292D38A1002EA5AF /* appSwiftConjuntosIOsUITestsLaunchTests.swift in Sources */ = {isa = PBXBuildFile; fileRef = AC791FC6292D38A1002EA5AF /* appSwiftConjuntosIOsUITestsLaunchTests.swift */; };
/* End PBXBuildFile section */

/* Begin PBXContainerItemProxy section */
		AC791FB7292D38A1002EA5AF /* PBXContainerItemProxy */ = {
			isa = PBXContainerItemProxy;
			containerPortal = AC791F98292D389E002EA5AF /* Project object */;
			proxyType = 1;
			remoteGlobalIDString = AC791F9F292D389E002EA5AF;
			remoteInfo = appSwiftConjuntosIOs;
		};
		AC791FC1292D38A1002EA5AF /* PBXContainerItemProxy */ = {
			isa = PBXContainerItemProxy;
			containerPortal = AC791F98292D389E002EA5AF /* Project object */;
			proxyType = 1;
			remoteGlobalIDString = AC791F9F292D389E002EA5AF;
			remoteInfo = appSwiftConjuntosIOs;
		};
/* End PBXContainerItemProxy section */

/* Begin PBXFileReference section */
		AC791FA0292D389E002EA5AF /* appSwiftConjuntosIOs.app */ = {isa = PBXFileReference; explicitFileType = wrapper.application; includeInIndex = 0; path = appSwiftConjuntosIOs.app; sourceTree = BUILT_PRODUCTS_DIR; };
		AC791FA3292D389E002EA5AF /* AppDelegate.swift */ = {isa = PBXFileReference; lastKnownFileType = sourcecode.swift; path = AppDelegate.swift; sourceTree = "<group>"; };
		AC791FA5292D389E002EA5AF /* SceneDelegate.swift */ = {isa = PBXFileReference; lastKnownFileType = sourcecode.swift; path = SceneDelegate.swift; sourceTree = "<group>"; };
		AC791FA7292D389E002EA5AF /* ViewController.swift */ = {isa = PBXFileReference; lastKnownFileType = sourcecode.swift; path = ViewController.swift; sourceTree = "<group>"; };
		AC791FAA292D389E002EA5AF /* Base */ = {isa = PBXFileReference; lastKnownFileType = file.storyboard; name = Base; path = Base.lproj/Main.storyboard; sourceTree = "<group>"; };
		AC791FAC292D38A0002EA5AF /* Assets.xcassets */ = {isa = PBXFileReference; lastKnownFileType = folder.assetcatalog; path = Assets.xcassets; sourceTree = "<group>"; };
		AC791FAF292D38A0002EA5AF /* Base */ = {isa = PBXFileReference; lastKnownFileType = file.storyboard; name = Base; path = Base.lproj/LaunchScreen.storyboard; sourceTree = "<group>"; };
		AC791FB1292D38A0002EA5AF /* Info.plist */ = {isa = PBXFileReference; lastKnownFileType = text.plist.xml; path = Info.plist; sourceTree = "<group>"; };
		AC791FB6292D38A1002EA5AF /* appSwiftConjuntosIOsTests.xctest */ = {isa = PBXFileReference; explicitFileType = wrapper.cfbundle; includeInIndex = 0; path = appSwiftConjuntosIOsTests.xctest; sourceTree = BUILT_PRODUCTS_DIR; };
		AC791FBA292D38A1002EA5AF /* appSwiftConjuntosIOsTests.swift */ = {isa = PBXFileReference; lastKnownFileType = sourcecode.swift; path = appSwiftConjuntosIOsTests.swift; sourceTree = "<group>"; };
		AC791FC0292D38A1002EA5AF /* appSwiftConjuntosIOsUITests.xctest */ = {isa = PBXFileReference; explicitFileType = wrapper.cfbundle; includeInIndex = 0; path = appSwiftConjuntosIOsUITests.xctest; sourceTree = BUILT_PRODUCTS_DIR; };
		AC791FC4292D38A1002EA5AF /* appSwiftConjuntosIOsUITests.swift */ = {isa = PBXFileReference; lastKnownFileType = sourcecode.swift; path = appSwiftConjuntosIOsUITests.swift; sourceTree = "<group>"; };
		AC791FC6292D38A1002EA5AF /* appSwiftConjuntosIOsUITestsLaunchTests.swift */ = {isa = PBXFileReference; lastKnownFileType = sourcecode.swift; path = appSwiftConjuntosIOsUITestsLaunchTests.swift; sourceTree = "<group>"; };
/* End PBXFileReference section */

/* Begin PBXFrameworksBuildPhase section */
		AC791F9D292D389E002EA5AF /* Frameworks */ = {
			isa = PBXFrameworksBuildPhase;
			buildActionMask = 2147483647;
			files = (
			);
			runOnlyForDeploymentPostprocessing = 0;
		};
		AC791FB3292D38A1002EA5AF /* Frameworks */ = {
			isa = PBXFrameworksBuildPhase;
			buildActionMask = 2147483647;
			files = (
			);
			runOnlyForDeploymentPostprocessing = 0;
		};
		AC791FBD292D38A1002EA5AF /* Frameworks */ = {
			isa = PBXFrameworksBuildPhase;
			buildActionMask = 2147483647;
			files = (
			);
			runOnlyForDeploymentPostprocessing = 0;
		};
/* End PBXFrameworksBuildPhase section */

/* Begin PBXGroup section */
		AC791F97292D389E002EA5AF = {
			isa = PBXGroup;
			children = (
				AC791FA2292D389E002EA5AF /* appSwiftConjuntosIOs */,
				AC791FB9292D38A1002EA5AF /* appSwiftConjuntosIOsTests */,
				AC791FC3292D38A1002EA5AF /* appSwiftConjuntosIOsUITests */,
				AC791FA1292D389E002EA5AF /* Products */,
			);
			sourceTree = "<group>";
		};
		AC791FA1292D389E002EA5AF /* Products */ = {
			isa = PBXGroup;
			children = (
				AC791FA0292D389E002EA5AF /* appSwiftConjuntosIOs.app */,
				AC791FB6292D38A1002EA5AF /* appSwiftConjuntosIOsTests.xctest */,
				AC791FC0292D38A1002EA5AF /* appSwiftConjuntosIOsUITests.xctest */,
			);
			name = Products;
			sourceTree = "<group>";
		};
		AC791FA2292D389E002EA5AF /* appSwiftConjuntosIOs */ = {
			isa = PBXGroup;
			children = (
				AC791FA3292D389E002EA5AF /* AppDelegate.swift */,
				AC791FA5292D389E002EA5AF /* SceneDelegate.swift */,
				AC791FA7292D389E002EA5AF /* ViewController.swift */,
				AC791FA9292D389E002EA5AF /* Main.storyboard */,
				AC791FAC292D38A0002EA5AF /* Assets.xcassets */,
				AC791FAE292D38A0002EA5AF /* LaunchScreen.storyboard */,
				AC791FB1292D38A0002EA5AF /* Info.plist */,
			);
			path = appSwiftConjuntosIOs;
			sourceTree = "<group>";
		};
		AC791FB9292D38A1002EA5AF /* appSwiftConjuntosIOsTests */ = {
			isa = PBXGroup;
			children = (
				AC791FBA292D38A1002EA5AF /* appSwiftConjuntosIOsTests.swift */,
			);
			path = appSwiftConjuntosIOsTests;
			sourceTree = "<group>";
		};
		AC791FC3292D38A1002EA5AF /* appSwiftConjuntosIOsUITests */ = {
			isa = PBXGroup;
			children = (
				AC791FC4292D38A1002EA5AF /* appSwiftConjuntosIOsUITests.swift */,
				AC791FC6292D38A1002EA5AF /* appSwiftConjuntosIOsUITestsLaunchTests.swift */,
			);
			path = appSwiftConjuntosIOsUITests;
			sourceTree = "<group>";
		};
/* End PBXGroup section */

/* Begin PBXNativeTarget section */
		AC791F9F292D389E002EA5AF /* appSwiftConjuntosIOs */ = {
			isa = PBXNativeTarget;
			buildConfigurationList = AC791FCA292D38A1002EA5AF /* Build configuration list for PBXNativeTarget "appSwiftConjuntosIOs" */;
			buildPhases = (
				AC791F9C292D389E002EA5AF /* Sources */,
				AC791F9D292D389E002EA5AF /* Frameworks */,
				AC791F9E292D389E002EA5AF /* Resources */,
			);
			buildRules = (
			);
			dependencies = (
			);
			name = appSwiftConjuntosIOs;
			productName = appSwiftConjuntosIOs;
			productReference = AC791FA0292D389E002EA5AF /* appSwiftConjuntosIOs.app */;
			productType = "com.apple.product-type.application";
		};
		AC791FB5292D38A1002EA5AF /* appSwiftConjuntosIOsTests */ = {
			isa = PBXNativeTarget;
			buildConfigurationList = AC791FCD292D38A1002EA5AF /* Build configuration list for PBXNativeTarget "appSwiftConjuntosIOsTests" */;
			buildPhases = (
				AC791FB2292D38A1002EA5AF /* Sources */,
				AC791FB3292D38A1002EA5AF /* Frameworks */,
				AC791FB4292D38A1002EA5AF /* Resources */,
			);
			buildRules = (
			);
			dependencies = (
				AC791FB8292D38A1002EA5AF /* PBXTargetDependency */,
			);
			name = appSwiftConjuntosIOsTests;
			productName = appSwiftConjuntosIOsTests;
			productReference = AC791FB6292D38A1002EA5AF /* appSwiftConjuntosIOsTests.xctest */;
			productType = "com.apple.product-type.bundle.unit-test";
		};
		AC791FBF292D38A1002EA5AF /* appSwiftConjuntosIOsUITests */ = {
			isa = PBXNativeTarget;
			buildConfigurationList = AC791FD0292D38A1002EA5AF /* Build configuration list for PBXNativeTarget "appSwiftConjuntosIOsUITests" */;
			buildPhases = (
				AC791FBC292D38A1002EA5AF /* Sources */,
				AC791FBD292D38A1002EA5AF /* Frameworks */,
				AC791FBE292D38A1002EA5AF /* Resources */,
			);
			buildRules = (
			);
			dependencies = (
				AC791FC2292D38A1002EA5AF /* PBXTargetDependency */,
			);
			name = appSwiftConjuntosIOsUITests;
			productName = appSwiftConjuntosIOsUITests;
			productReference = AC791FC0292D38A1002EA5AF /* appSwiftConjuntosIOsUITests.xctest */;
			productType = "com.apple.product-type.bundle.ui-testing";
		};
/* End PBXNativeTarget section */

/* Begin PBXProject section */
		AC791F98292D389E002EA5AF /* Project object */ = {
			isa = PBXProject;
			attributes = {
				BuildIndependentTargetsInParallel = 1;
				LastSwiftUpdateCheck = 1340;
				LastUpgradeCheck = 1340;
				TargetAttributes = {
					AC791F9F292D389E002EA5AF = {
						CreatedOnToolsVersion = 13.4.1;
					};
					AC791FB5292D38A1002EA5AF = {
						CreatedOnToolsVersion = 13.4.1;
						TestTargetID = AC791F9F292D389E002EA5AF;
					};
					AC791FBF292D38A1002EA5AF = {
						CreatedOnToolsVersion = 13.4.1;
						TestTargetID = AC791F9F292D389E002EA5AF;
					};
				};
			};
			buildConfigurationList = AC791F9B292D389E002EA5AF /* Build configuration list for PBXProject "appSwiftConjuntosIOs" */;
			compatibilityVersion = "Xcode 9.3";
			developmentRegion = en;
			hasScannedForEncodings = 0;
			knownRegions = (
				en,
				Base,
			);
			mainGroup = AC791F97292D389E002EA5AF;
			productRefGroup = AC791FA1292D389E002EA5AF /* Products */;
			projectDirPath = "";
			projectRoot = "";
			targets = (
				AC791F9F292D389E002EA5AF /* appSwiftConjuntosIOs */,
				AC791FB5292D38A1002EA5AF /* appSwiftConjuntosIOsTests */,
				AC791FBF292D38A1002EA5AF /* appSwiftConjuntosIOsUITests */,
			);
		};
/* End PBXProject section */

/* Begin PBXResourcesBuildPhase section */
		AC791F9E292D389E002EA5AF /* Resources */ = {
			isa = PBXResourcesBuildPhase;
			buildActionMask = 2147483647;
			files = (
				AC791FB0292D38A0002EA5AF /* LaunchScreen.storyboard in Resources */,
				AC791FAD292D38A0002EA5AF /* Assets.xcassets in Resources */,
				AC791FAB292D389E002EA5AF /* Main.storyboard in Resources */,
			);
			runOnlyForDeploymentPostprocessing = 0;
		};
		AC791FB4292D38A1002EA5AF /* Resources */ = {
			isa = PBXResourcesBuildPhase;
			buildActionMask = 2147483647;
			files = (
			);
			runOnlyForDeploymentPostprocessing = 0;
		};
		AC791FBE292D38A1002EA5AF /* Resources */ = {
			isa = PBXResourcesBuildPhase;
			buildActionMask = 2147483647;
			files = (
			);
			runOnlyForDeploymentPostprocessing = 0;
		};
/* End PBXResourcesBuildPhase section */

/* Begin PBXSourcesBuildPhase section */
		AC791F9C292D389E002EA5AF /* Sources */ = {
			isa = PBXSourcesBuildPhase;
			buildActionMask = 2147483647;
			files = (
				AC791FA8292D389E002EA5AF /* ViewController.swift in Sources */,
				AC791FA4292D389E002EA5AF /* AppDelegate.swift in Sources */,
				AC791FA6292D389E002EA5AF /* SceneDelegate.swift in Sources */,
			);
			runOnlyForDeploymentPostprocessing = 0;
		};
		AC791FB2292D38A1002EA5AF /* Sources */ = {
			isa = PBXSourcesBuildPhase;
			buildActionMask = 2147483647;
			files = (
				AC791FBB292D38A1002EA5AF /* appSwiftConjuntosIOsTests.swift in Sources */,
			);
			runOnlyForDeploymentPostprocessing = 0;
		};
		AC791FBC292D38A1002EA5AF /* Sources */ = {
			isa = PBXSourcesBuildPhase;
			buildActionMask = 2147483647;
			files = (
				AC791FC7292D38A1002EA5AF /* appSwiftConjuntosIOsUITestsLaunchTests.swift in Sources */,
				AC791FC5292D38A1002EA5AF /* appSwiftConjuntosIOsUITests.swift in Sources */,
			);
			runOnlyForDeploymentPostprocessing = 0;
		};
/* End PBXSourcesBuildPhase section */

/* Begin PBXTargetDependency section */
		AC791FB8292D38A1002EA5AF /* PBXTargetDependency */ = {
			isa = PBXTargetDependency;
			target = AC791F9F292D389E002EA5AF /* appSwiftConjuntosIOs */;
			targetProxy = AC791FB7292D38A1002EA5AF /* PBXContainerItemProxy */;
		};
		AC791FC2292D38A1002EA5AF /* PBXTargetDependency */ = {
			isa = PBXTargetDependency;
			target = AC791F9F292D389E002EA5AF /* appSwiftConjuntosIOs */;
			targetProxy = AC791FC1292D38A1002EA5AF /* PBXContainerItemProxy */;
		};
/* End PBXTargetDependency section */

/* Begin PBXVariantGroup section */
		AC791FA9292D389E002EA5AF /* Main.storyboard */ = {
			isa = PBXVariantGroup;
			children = (
				AC791FAA292D389E002EA5AF /* Base */,
			);
			name = Main.storyboard;
			sourceTree = "<group>";
		};
		AC791FAE292D38A0002EA5AF /* LaunchScreen.storyboard */ = {
			isa = PBXVariantGroup;
			children = (
				AC791FAF292D38A0002EA5AF /* Base */,
			);
			name = LaunchScreen.storyboard;
			sourceTree = "<group>";
		};
/* End PBXVariantGroup section */

/* Begin XCBuildConfiguration section */
		AC791FC8292D38A1002EA5AF /* Debug */ = {
			isa = XCBuildConfiguration;
			buildSettings = {
				ALWAYS_SEARCH_USER_PATHS = NO;
				CLANG_ANALYZER_NONNULL = YES;
				CLANG_ANALYZER_NUMBER_OBJECT_CONVERSION = YES_AGGRESSIVE;
				CLANG_CXX_LANGUAGE_STANDARD = "gnu++17";
				CLANG_ENABLE_MODULES = YES;
				CLANG_ENABLE_OBJC_ARC = YES;
				CLANG_ENABLE_OBJC_WEAK = YES;
				CLANG_WARN_BLOCK_CAPTURE_AUTORELEASING = YES;
				CLANG_WARN_BOOL_CONVERSION = YES;
				CLANG_WARN_COMMA = YES;
				CLANG_WARN_CONSTANT_CONVERSION = YES;
				CLANG_WARN_DEPRECATED_OBJC_IMPLEMENTATIONS = YES;
				CLANG_WARN_DIRECT_OBJC_ISA_USAGE = YES_ERROR;
				CLANG_WARN_DOCUMENTATION_COMMENTS = YES;
				CLANG_WARN_EMPTY_BODY = YES;
				CLANG_WARN_ENUM_CONVERSION = YES;
				CLANG_WARN_INFINITE_RECURSION = YES;
				CLANG_WARN_INT_CONVERSION = YES;
				CLANG_WARN_NON_LITERAL_NULL_CONVERSION = YES;
				CLANG_WARN_OBJC_IMPLICIT_RETAIN_SELF = YES;
				CLANG_WARN_OBJC_LITERAL_CONVERSION = YES;
				CLANG_WARN_OBJC_ROOT_CLASS = YES_ERROR;
				CLANG_WARN_QUOTED_INCLUDE_IN_FRAMEWORK_HEADER = YES;
				CLANG_WARN_RANGE_LOOP_ANALYSIS = YES;
				CLANG_WARN_STRICT_PROTOTYPES = YES;
				CLANG_WARN_SUSPICIOUS_MOVE = YES;
				CLANG_WARN_UNGUARDED_AVAILABILITY = YES_AGGRESSIVE;
				CLANG_WARN_UNREACHABLE_CODE = YES;
				CLANG_WARN__DUPLICATE_METHOD_MATCH = YES;
				COPY_PHASE_STRIP = NO;
				DEBUG_INFORMATION_FORMAT = dwarf;
				ENABLE_STRICT_OBJC_MSGSEND = YES;
				ENABLE_TESTABILITY = YES;
				GCC_C_LANGUAGE_STANDARD = gnu11;
				GCC_DYNAMIC_NO_PIC = NO;
				GCC_NO_COMMON_BLOCKS = YES;
				GCC_OPTIMIZATION_LEVEL = 0;
				GCC_PREPROCESSOR_DEFINITIONS = (
					"DEBUG=1",
					"$(inherited)",
				);
				GCC_WARN_64_TO_32_BIT_CONVERSION = YES;
				GCC_WARN_ABOUT_RETURN_TYPE = YES_ERROR;
				GCC_WARN_UNDECLARED_SELECTOR = YES;
				GCC_WARN_UNINITIALIZED_AUTOS = YES_AGGRESSIVE;
				GCC_WARN_UNUSED_FUNCTION = YES;
				GCC_WARN_UNUSED_VARIABLE = YES;
				IPHONEOS_DEPLOYMENT_TARGET = 15.5;
				MTL_ENABLE_DEBUG_INFO = INCLUDE_SOURCE;
				MTL_FAST_MATH = YES;
				ONLY_ACTIVE_ARCH = YES;
				SDKROOT = iphoneos;
				SWIFT_ACTIVE_COMPILATION_CONDITIONS = DEBUG;
				SWIFT_OPTIMIZATION_LEVEL = "-Onone";
			};
			name = Debug;
		};
		AC791FC9292D38A1002EA5AF /* Release */ = {
			isa = XCBuildConfiguration;
			buildSettings = {
				ALWAYS_SEARCH_USER_PATHS = NO;
				CLANG_ANALYZER_NONNULL = YES;
				CLANG_ANALYZER_NUMBER_OBJECT_CONVERSION = YES_AGGRESSIVE;
				CLANG_CXX_LANGUAGE_STANDARD = "gnu++17";
				CLANG_ENABLE_MODULES = YES;
				CLANG_ENABLE_OBJC_ARC = YES;
				CLANG_ENABLE_OBJC_WEAK = YES;
				CLANG_WARN_BLOCK_CAPTURE_AUTORELEASING = YES;
				CLANG_WARN_BOOL_CONVERSION = YES;
				CLANG_WARN_COMMA = YES;
				CLANG_WARN_CONSTANT_CONVERSION = YES;
				CLANG_WARN_DEPRECATED_OBJC_IMPLEMENTATIONS = YES;
				CLANG_WARN_DIRECT_OBJC_ISA_USAGE = YES_ERROR;
				CLANG_WARN_DOCUMENTATION_COMMENTS = YES;
				CLANG_WARN_EMPTY_BODY = YES;
				CLANG_WARN_ENUM_CONVERSION = YES;
				CLANG_WARN_INFINITE_RECURSION = YES;
				CLANG_WARN_INT_CONVERSION = YES;
				CLANG_WARN_NON_LITERAL_NULL_CONVERSION = YES;
				CLANG_WARN_OBJC_IMPLICIT_RETAIN_SELF = YES;
				CLANG_WARN_OBJC_LITERAL_CONVERSION = YES;
				CLANG_WARN_OBJC_ROOT_CLASS = YES_ERROR;
				CLANG_WARN_QUOTED_INCLUDE_IN_FRAMEWORK_HEADER = YES;
				CLANG_WARN_RANGE_LOOP_ANALYSIS = YES;
				CLANG_WARN_STRICT_PROTOTYPES = YES;
				CLANG_WARN_SUSPICIOUS_MOVE = YES;
				CLANG_WARN_UNGUARDED_AVAILABILITY = YES_AGGRESSIVE;
				CLANG_WARN_UNREACHABLE_CODE = YES;
				CLANG_WARN__DUPLICATE_METHOD_MATCH = YES;
				COPY_PHASE_STRIP = NO;
				DEBUG_INFORMATION_FORMAT = "dwarf-with-dsym";
				ENABLE_NS_ASSERTIONS = NO;
				ENABLE_STRICT_OBJC_MSGSEND = YES;
				GCC_C_LANGUAGE_STANDARD = gnu11;
				GCC_NO_COMMON_BLOCKS = YES;
				GCC_WARN_64_TO_32_BIT_CONVERSION = YES;
				GCC_WARN_ABOUT_RETURN_TYPE = YES_ERROR;
				GCC_WARN_UNDECLARED_SELECTOR = YES;
				GCC_WARN_UNINITIALIZED_AUTOS = YES_AGGRESSIVE;
				GCC_WARN_UNUSED_FUNCTION = YES;
				GCC_WARN_UNUSED_VARIABLE = YES;
				IPHONEOS_DEPLOYMENT_TARGET = 15.5;
				MTL_ENABLE_DEBUG_INFO = NO;
				MTL_FAST_MATH = YES;
				SDKROOT = iphoneos;
				SWIFT_COMPILATION_MODE = wholemodule;
				SWIFT_OPTIMIZATION_LEVEL = "-O";
				VALIDATE_PRODUCT = YES;
			};
			name = Release;
		};
		AC791FCB292D38A1002EA5AF /* Debug */ = {
			isa = XCBuildConfiguration;
			buildSettings = {
				ASSETCATALOG_COMPILER_APPICON_NAME = AppIcon;
				ASSETCATALOG_COMPILER_GLOBAL_ACCENT_COLOR_NAME = AccentColor;
				CODE_SIGN_STYLE = Automatic;
				CURRENT_PROJECT_VERSION = 1;
				GENERATE_INFOPLIST_FILE = YES;
				INFOPLIST_FILE = appSwiftConjuntosIOs/Info.plist;
				INFOPLIST_KEY_UIApplicationSupportsIndirectInputEvents = YES;
				INFOPLIST_KEY_UILaunchStoryboardName = LaunchScreen;
				INFOPLIST_KEY_UIMainStoryboardFile = Main;
				INFOPLIST_KEY_UISupportedInterfaceOrientations_iPad = "UIInterfaceOrientationPortrait UIInterfaceOrientationPortraitUpsideDown UIInterfaceOrientationLandscapeLeft UIInterfaceOrientationLandscapeRight";
				INFOPLIST_KEY_UISupportedInterfaceOrientations_iPhone = "UIInterfaceOrientationPortrait UIInterfaceOrientationLandscapeLeft UIInterfaceOrientationLandscapeRight";
				LD_RUNPATH_SEARCH_PATHS = (
					"$(inherited)",
					"@executable_path/Frameworks",
				);
				MARKETING_VERSION = 1.0;
				PRODUCT_BUNDLE_IDENTIFIER = RETBOT.appSwiftConjuntosIOs;
				PRODUCT_NAME = "$(TARGET_NAME)";
				SWIFT_EMIT_LOC_STRINGS = YES;
				SWIFT_VERSION = 5.0;
				TARGETED_DEVICE_FAMILY = "1,2";
			};
			name = Debug;
		};
		AC791FCC292D38A1002EA5AF /* Release */ = {
			isa = XCBuildConfiguration;
			buildSettings = {
				ASSETCATALOG_COMPILER_APPICON_NAME = AppIcon;
				ASSETCATALOG_COMPILER_GLOBAL_ACCENT_COLOR_NAME = AccentColor;
				CODE_SIGN_STYLE = Automatic;
				CURRENT_PROJECT_VERSION = 1;
				GENERATE_INFOPLIST_FILE = YES;
				INFOPLIST_FILE = appSwiftConjuntosIOs/Info.plist;
				INFOPLIST_KEY_UIApplicationSupportsIndirectInputEvents = YES;
				INFOPLIST_KEY_UILaunchStoryboardName = LaunchScreen;
				INFOPLIST_KEY_UIMainStoryboardFile = Main;
				INFOPLIST_KEY_UISupportedInterfaceOrientations_iPad = "UIInterfaceOrientationPortrait UIInterfaceOrientationPortraitUpsideDown UIInterfaceOrientationLandscapeLeft UIInterfaceOrientationLandscapeRight";
				INFOPLIST_KEY_UISupportedInterfaceOrientations_iPhone = "UIInterfaceOrientationPortrait UIInterfaceOrientationLandscapeLeft UIInterfaceOrientationLandscapeRight";
				LD_RUNPATH_SEARCH_PATHS = (
					"$(inherited)",
					"@executable_path/Frameworks",
				);
				MARKETING_VERSION = 1.0;
				PRODUCT_BUNDLE_IDENTIFIER = RETBOT.appSwiftConjuntosIOs;
				PRODUCT_NAME = "$(TARGET_NAME)";
				SWIFT_EMIT_LOC_STRINGS = YES;
				SWIFT_VERSION = 5.0;
				TARGETED_DEVICE_FAMILY = "1,2";
			};
			name = Release;
		};
		AC791FCE292D38A1002EA5AF /* Debug */ = {
			isa = XCBuildConfiguration;
			buildSettings = {
				ALWAYS_EMBED_SWIFT_STANDARD_LIBRARIES = YES;
				BUNDLE_LOADER = "$(TEST_HOST)";
				CODE_SIGN_STYLE = Automatic;
				CURRENT_PROJECT_VERSION = 1;
				GENERATE_INFOPLIST_FILE = YES;
				IPHONEOS_DEPLOYMENT_TARGET = 15.5;
				MARKETING_VERSION = 1.0;
				PRODUCT_BUNDLE_IDENTIFIER = RETBOT.appSwiftConjuntosIOsTests;
				PRODUCT_NAME = "$(TARGET_NAME)";
				SWIFT_EMIT_LOC_STRINGS = NO;
				SWIFT_VERSION = 5.0;
				TARGETED_DEVICE_FAMILY = "1,2";
				TEST_HOST = "$(BUILT_PRODUCTS_DIR)/appSwiftConjuntosIOs.app/appSwiftConjuntosIOs";
			};
			name = Debug;
		};
		AC791FCF292D38A1002EA5AF /* Release */ = {
			isa = XCBuildConfiguration;
			buildSettings = {
				ALWAYS_EMBED_SWIFT_STANDARD_LIBRARIES = YES;
				BUNDLE_LOADER = "$(TEST_HOST)";
				CODE_SIGN_STYLE = Automatic;
				CURRENT_PROJECT_VERSION = 1;
				GENERATE_INFOPLIST_FILE = YES;
				IPHONEOS_DEPLOYMENT_TARGET = 15.5;
				MARKETING_VERSION = 1.0;
				PRODUCT_BUNDLE_IDENTIFIER = RETBOT.appSwiftConjuntosIOsTests;
				PRODUCT_NAME = "$(TARGET_NAME)";
				SWIFT_EMIT_LOC_STRINGS = NO;
				SWIFT_VERSION = 5.0;
				TARGETED_DEVICE_FAMILY = "1,2";
				TEST_HOST = "$(BUILT_PRODUCTS_DIR)/appSwiftConjuntosIOs.app/appSwiftConjuntosIOs";
			};
			name = Release;
		};
		AC791FD1292D38A1002EA5AF /* Debug */ = {
			isa = XCBuildConfiguration;
			buildSettings = {
				ALWAYS_EMBED_SWIFT_STANDARD_LIBRARIES = YES;
				CODE_SIGN_STYLE = Automatic;
				CURRENT_PROJECT_VERSION = 1;
				GENERATE_INFOPLIST_FILE = YES;
				MARKETING_VERSION = 1.0;
				PRODUCT_BUNDLE_IDENTIFIER = RETBOT.appSwiftConjuntosIOsUITests;
				PRODUCT_NAME = "$(TARGET_NAME)";
				SWIFT_EMIT_LOC_STRINGS = NO;
				SWIFT_VERSION = 5.0;
				TARGETED_DEVICE_FAMILY = "1,2";
				TEST_TARGET_NAME = appSwiftConjuntosIOs;
			};
			name = Debug;
		};
		AC791FD2292D38A1002EA5AF /* Release */ = {
			isa = XCBuildConfiguration;
			buildSettings = {
				ALWAYS_EMBED_SWIFT_STANDARD_LIBRARIES = YES;
				CODE_SIGN_STYLE = Automatic;
				CURRENT_PROJECT_VERSION = 1;
				GENERATE_INFOPLIST_FILE = YES;
				MARKETING_VERSION = 1.0;
				PRODUCT_BUNDLE_IDENTIFIER = RETBOT.appSwiftConjuntosIOsUITests;
				PRODUCT_NAME = "$(TARGET_NAME)";
				SWIFT_EMIT_LOC_STRINGS = NO;
				SWIFT_VERSION = 5.0;
				TARGETED_DEVICE_FAMILY = "1,2";
				TEST_TARGET_NAME = appSwiftConjuntosIOs;
			};
			name = Release;
		};
/* End XCBuildConfiguration section */

/* Begin XCConfigurationList section */
		AC791F9B292D389E002EA5AF /* Build configuration list for PBXProject "appSwiftConjuntosIOs" */ = {
			isa = XCConfigurationList;
			buildConfigurations = (
				AC791FC8292D38A1002EA5AF /* Debug */,
				AC791FC9292D38A1002EA5AF /* Release */,
			);
			defaultConfigurationIsVisible = 0;
			defaultConfigurationName = Release;
		};
		AC791FCA292D38A1002EA5AF /* Build configuration list for PBXNativeTarget "appSwiftConjuntosIOs" */ = {
			isa = XCConfigurationList;
			buildConfigurations = (
				AC791FCB292D38A1002EA5AF /* Debug */,
				AC791FCC292D38A1002EA5AF /* Release */,
			);
			defaultConfigurationIsVisible = 0;
			defaultConfigurationName = Release;
		};
		AC791FCD292D38A1002EA5AF /* Build configuration list for PBXNativeTarget "appSwiftConjuntosIOsTests" */ = {
			isa = XCConfigurationList;
			buildConfigurations = (
				AC791FCE292D38A1002EA5AF /* Debug */,
				AC791FCF292D38A1002EA5AF /* Release */,
			);
			defaultConfigurationIsVisible = 0;
			defaultConfigurationName = Release;
		};
		AC791FD0292D38A1002EA5AF /* Build configuration list for PBXNativeTarget "appSwiftConjuntosIOsUITests" */ = {
			isa = XCConfigurationList;
			buildConfigurations = (
				AC791FD1292D38A1002EA5AF /* Debug */,
				AC791FD2292D38A1002EA5AF /* Release */,
			);
			defaultConfigurationIsVisible = 0;
			defaultConfigurationName = Release;
		};
/* End XCConfigurationList section */
	};
	rootObject = AC791F98292D389E002EA5AF /* Project object */;
}
