// !$*UTF8*$!
{
	archiveVersion = 1;
	classes = {
	};
	objectVersion = 55;
	objects = {

/* Begin PBXBuildFile section */
		AC4C64D4293518A0008E1966 /* AppDelegate.swift in Sources */ = {isa = PBXBuildFile; fileRef = AC4C64D3293518A0008E1966 /* AppDelegate.swift */; };
		AC4C64D6293518A0008E1966 /* SceneDelegate.swift in Sources */ = {isa = PBXBuildFile; fileRef = AC4C64D5293518A0008E1966 /* SceneDelegate.swift */; };
		AC4C64D8293518A0008E1966 /* ViewController.swift in Sources */ = {isa = PBXBuildFile; fileRef = AC4C64D7293518A0008E1966 /* ViewController.swift */; };
		AC4C64DB293518A0008E1966 /* Main.storyboard in Resources */ = {isa = PBXBuildFile; fileRef = AC4C64D9293518A0008E1966 /* Main.storyboard */; };
		AC4C64DD293518A2008E1966 /* Assets.xcassets in Resources */ = {isa = PBXBuildFile; fileRef = AC4C64DC293518A2008E1966 /* Assets.xcassets */; };
		AC4C64E0293518A2008E1966 /* LaunchScreen.storyboard in Resources */ = {isa = PBXBuildFile; fileRef = AC4C64DE293518A2008E1966 /* LaunchScreen.storyboard */; };
		AC4C64EB293518A3008E1966 /* appSwiftGraficosIOsTests.swift in Sources */ = {isa = PBXBuildFile; fileRef = AC4C64EA293518A3008E1966 /* appSwiftGraficosIOsTests.swift */; };
		AC4C64F5293518A3008E1966 /* appSwiftGraficosIOsUITests.swift in Sources */ = {isa = PBXBuildFile; fileRef = AC4C64F4293518A3008E1966 /* appSwiftGraficosIOsUITests.swift */; };
		AC4C64F7293518A3008E1966 /* appSwiftGraficosIOsUITestsLaunchTests.swift in Sources */ = {isa = PBXBuildFile; fileRef = AC4C64F6293518A3008E1966 /* appSwiftGraficosIOsUITestsLaunchTests.swift */; };
		AC4C650429351943008E1966 /* Graficos2D.swift in Sources */ = {isa = PBXBuildFile; fileRef = AC4C650329351943008E1966 /* Graficos2D.swift */; };
		ACAF3A692936709900AC3545 /* DegradadoLineal.swift in Sources */ = {isa = PBXBuildFile; fileRef = ACAF3A682936709900AC3545 /* DegradadoLineal.swift */; };
/* End PBXBuildFile section */

/* Begin PBXContainerItemProxy section */
		AC4C64E7293518A2008E1966 /* PBXContainerItemProxy */ = {
			isa = PBXContainerItemProxy;
			containerPortal = AC4C64C8293518A0008E1966 /* Project object */;
			proxyType = 1;
			remoteGlobalIDString = AC4C64CF293518A0008E1966;
			remoteInfo = appSwiftGraficosIOs;
		};
		AC4C64F1293518A3008E1966 /* PBXContainerItemProxy */ = {
			isa = PBXContainerItemProxy;
			containerPortal = AC4C64C8293518A0008E1966 /* Project object */;
			proxyType = 1;
			remoteGlobalIDString = AC4C64CF293518A0008E1966;
			remoteInfo = appSwiftGraficosIOs;
		};
/* End PBXContainerItemProxy section */

/* Begin PBXFileReference section */
		AC4C64D0293518A0008E1966 /* appSwiftGraficosIOs.app */ = {isa = PBXFileReference; explicitFileType = wrapper.application; includeInIndex = 0; path = appSwiftGraficosIOs.app; sourceTree = BUILT_PRODUCTS_DIR; };
		AC4C64D3293518A0008E1966 /* AppDelegate.swift */ = {isa = PBXFileReference; lastKnownFileType = sourcecode.swift; path = AppDelegate.swift; sourceTree = "<group>"; };
		AC4C64D5293518A0008E1966 /* SceneDelegate.swift */ = {isa = PBXFileReference; lastKnownFileType = sourcecode.swift; path = SceneDelegate.swift; sourceTree = "<group>"; };
		AC4C64D7293518A0008E1966 /* ViewController.swift */ = {isa = PBXFileReference; lastKnownFileType = sourcecode.swift; path = ViewController.swift; sourceTree = "<group>"; };
		AC4C64DA293518A0008E1966 /* Base */ = {isa = PBXFileReference; lastKnownFileType = file.storyboard; name = Base; path = Base.lproj/Main.storyboard; sourceTree = "<group>"; };
		AC4C64DC293518A2008E1966 /* Assets.xcassets */ = {isa = PBXFileReference; lastKnownFileType = folder.assetcatalog; path = Assets.xcassets; sourceTree = "<group>"; };
		AC4C64DF293518A2008E1966 /* Base */ = {isa = PBXFileReference; lastKnownFileType = file.storyboard; name = Base; path = Base.lproj/LaunchScreen.storyboard; sourceTree = "<group>"; };
		AC4C64E1293518A2008E1966 /* Info.plist */ = {isa = PBXFileReference; lastKnownFileType = text.plist.xml; path = Info.plist; sourceTree = "<group>"; };
		AC4C64E6293518A2008E1966 /* appSwiftGraficosIOsTests.xctest */ = {isa = PBXFileReference; explicitFileType = wrapper.cfbundle; includeInIndex = 0; path = appSwiftGraficosIOsTests.xctest; sourceTree = BUILT_PRODUCTS_DIR; };
		AC4C64EA293518A3008E1966 /* appSwiftGraficosIOsTests.swift */ = {isa = PBXFileReference; lastKnownFileType = sourcecode.swift; path = appSwiftGraficosIOsTests.swift; sourceTree = "<group>"; };
		AC4C64F0293518A3008E1966 /* appSwiftGraficosIOsUITests.xctest */ = {isa = PBXFileReference; explicitFileType = wrapper.cfbundle; includeInIndex = 0; path = appSwiftGraficosIOsUITests.xctest; sourceTree = BUILT_PRODUCTS_DIR; };
		AC4C64F4293518A3008E1966 /* appSwiftGraficosIOsUITests.swift */ = {isa = PBXFileReference; lastKnownFileType = sourcecode.swift; path = appSwiftGraficosIOsUITests.swift; sourceTree = "<group>"; };
		AC4C64F6293518A3008E1966 /* appSwiftGraficosIOsUITestsLaunchTests.swift */ = {isa = PBXFileReference; lastKnownFileType = sourcecode.swift; path = appSwiftGraficosIOsUITestsLaunchTests.swift; sourceTree = "<group>"; };
		AC4C650329351943008E1966 /* Graficos2D.swift */ = {isa = PBXFileReference; lastKnownFileType = sourcecode.swift; path = Graficos2D.swift; sourceTree = "<group>"; };
		ACAF3A682936709900AC3545 /* DegradadoLineal.swift */ = {isa = PBXFileReference; lastKnownFileType = sourcecode.swift; path = DegradadoLineal.swift; sourceTree = "<group>"; };
/* End PBXFileReference section */

/* Begin PBXFrameworksBuildPhase section */
		AC4C64CD293518A0008E1966 /* Frameworks */ = {
			isa = PBXFrameworksBuildPhase;
			buildActionMask = 2147483647;
			files = (
			);
			runOnlyForDeploymentPostprocessing = 0;
		};
		AC4C64E3293518A2008E1966 /* Frameworks */ = {
			isa = PBXFrameworksBuildPhase;
			buildActionMask = 2147483647;
			files = (
			);
			runOnlyForDeploymentPostprocessing = 0;
		};
		AC4C64ED293518A3008E1966 /* Frameworks */ = {
			isa = PBXFrameworksBuildPhase;
			buildActionMask = 2147483647;
			files = (
			);
			runOnlyForDeploymentPostprocessing = 0;
		};
/* End PBXFrameworksBuildPhase section */

/* Begin PBXGroup section */
		AC4C64C7293518A0008E1966 = {
			isa = PBXGroup;
			children = (
				AC4C64D2293518A0008E1966 /* appSwiftGraficosIOs */,
				AC4C64E9293518A2008E1966 /* appSwiftGraficosIOsTests */,
				AC4C64F3293518A3008E1966 /* appSwiftGraficosIOsUITests */,
				AC4C64D1293518A0008E1966 /* Products */,
			);
			sourceTree = "<group>";
		};
		AC4C64D1293518A0008E1966 /* Products */ = {
			isa = PBXGroup;
			children = (
				AC4C64D0293518A0008E1966 /* appSwiftGraficosIOs.app */,
				AC4C64E6293518A2008E1966 /* appSwiftGraficosIOsTests.xctest */,
				AC4C64F0293518A3008E1966 /* appSwiftGraficosIOsUITests.xctest */,
			);
			name = Products;
			sourceTree = "<group>";
		};
		AC4C64D2293518A0008E1966 /* appSwiftGraficosIOs */ = {
			isa = PBXGroup;
			children = (
				AC4C650329351943008E1966 /* Graficos2D.swift */,
				AC4C64D3293518A0008E1966 /* AppDelegate.swift */,
				AC4C64D5293518A0008E1966 /* SceneDelegate.swift */,
				AC4C64D7293518A0008E1966 /* ViewController.swift */,
				AC4C64D9293518A0008E1966 /* Main.storyboard */,
				AC4C64DC293518A2008E1966 /* Assets.xcassets */,
				AC4C64DE293518A2008E1966 /* LaunchScreen.storyboard */,
				AC4C64E1293518A2008E1966 /* Info.plist */,
				ACAF3A682936709900AC3545 /* DegradadoLineal.swift */,
			);
			path = appSwiftGraficosIOs;
			sourceTree = "<group>";
		};
		AC4C64E9293518A2008E1966 /* appSwiftGraficosIOsTests */ = {
			isa = PBXGroup;
			children = (
				AC4C64EA293518A3008E1966 /* appSwiftGraficosIOsTests.swift */,
			);
			path = appSwiftGraficosIOsTests;
			sourceTree = "<group>";
		};
		AC4C64F3293518A3008E1966 /* appSwiftGraficosIOsUITests */ = {
			isa = PBXGroup;
			children = (
				AC4C64F4293518A3008E1966 /* appSwiftGraficosIOsUITests.swift */,
				AC4C64F6293518A3008E1966 /* appSwiftGraficosIOsUITestsLaunchTests.swift */,
			);
			path = appSwiftGraficosIOsUITests;
			sourceTree = "<group>";
		};
/* End PBXGroup section */

/* Begin PBXNativeTarget section */
		AC4C64CF293518A0008E1966 /* appSwiftGraficosIOs */ = {
			isa = PBXNativeTarget;
			buildConfigurationList = AC4C64FA293518A3008E1966 /* Build configuration list for PBXNativeTarget "appSwiftGraficosIOs" */;
			buildPhases = (
				AC4C64CC293518A0008E1966 /* Sources */,
				AC4C64CD293518A0008E1966 /* Frameworks */,
				AC4C64CE293518A0008E1966 /* Resources */,
			);
			buildRules = (
			);
			dependencies = (
			);
			name = appSwiftGraficosIOs;
			productName = appSwiftGraficosIOs;
			productReference = AC4C64D0293518A0008E1966 /* appSwiftGraficosIOs.app */;
			productType = "com.apple.product-type.application";
		};
		AC4C64E5293518A2008E1966 /* appSwiftGraficosIOsTests */ = {
			isa = PBXNativeTarget;
			buildConfigurationList = AC4C64FD293518A3008E1966 /* Build configuration list for PBXNativeTarget "appSwiftGraficosIOsTests" */;
			buildPhases = (
				AC4C64E2293518A2008E1966 /* Sources */,
				AC4C64E3293518A2008E1966 /* Frameworks */,
				AC4C64E4293518A2008E1966 /* Resources */,
			);
			buildRules = (
			);
			dependencies = (
				AC4C64E8293518A2008E1966 /* PBXTargetDependency */,
			);
			name = appSwiftGraficosIOsTests;
			productName = appSwiftGraficosIOsTests;
			productReference = AC4C64E6293518A2008E1966 /* appSwiftGraficosIOsTests.xctest */;
			productType = "com.apple.product-type.bundle.unit-test";
		};
		AC4C64EF293518A3008E1966 /* appSwiftGraficosIOsUITests */ = {
			isa = PBXNativeTarget;
			buildConfigurationList = AC4C6500293518A3008E1966 /* Build configuration list for PBXNativeTarget "appSwiftGraficosIOsUITests" */;
			buildPhases = (
				AC4C64EC293518A3008E1966 /* Sources */,
				AC4C64ED293518A3008E1966 /* Frameworks */,
				AC4C64EE293518A3008E1966 /* Resources */,
			);
			buildRules = (
			);
			dependencies = (
				AC4C64F2293518A3008E1966 /* PBXTargetDependency */,
			);
			name = appSwiftGraficosIOsUITests;
			productName = appSwiftGraficosIOsUITests;
			productReference = AC4C64F0293518A3008E1966 /* appSwiftGraficosIOsUITests.xctest */;
			productType = "com.apple.product-type.bundle.ui-testing";
		};
/* End PBXNativeTarget section */

/* Begin PBXProject section */
		AC4C64C8293518A0008E1966 /* Project object */ = {
			isa = PBXProject;
			attributes = {
				BuildIndependentTargetsInParallel = 1;
				LastSwiftUpdateCheck = 1340;
				LastUpgradeCheck = 1340;
				TargetAttributes = {
					AC4C64CF293518A0008E1966 = {
						CreatedOnToolsVersion = 13.4.1;
					};
					AC4C64E5293518A2008E1966 = {
						CreatedOnToolsVersion = 13.4.1;
						TestTargetID = AC4C64CF293518A0008E1966;
					};
					AC4C64EF293518A3008E1966 = {
						CreatedOnToolsVersion = 13.4.1;
						TestTargetID = AC4C64CF293518A0008E1966;
					};
				};
			};
			buildConfigurationList = AC4C64CB293518A0008E1966 /* Build configuration list for PBXProject "appSwiftGraficosIOs" */;
			compatibilityVersion = "Xcode 13.0";
			developmentRegion = en;
			hasScannedForEncodings = 0;
			knownRegions = (
				en,
				Base,
			);
			mainGroup = AC4C64C7293518A0008E1966;
			productRefGroup = AC4C64D1293518A0008E1966 /* Products */;
			projectDirPath = "";
			projectRoot = "";
			targets = (
				AC4C64CF293518A0008E1966 /* appSwiftGraficosIOs */,
				AC4C64E5293518A2008E1966 /* appSwiftGraficosIOsTests */,
				AC4C64EF293518A3008E1966 /* appSwiftGraficosIOsUITests */,
			);
		};
/* End PBXProject section */

/* Begin PBXResourcesBuildPhase section */
		AC4C64CE293518A0008E1966 /* Resources */ = {
			isa = PBXResourcesBuildPhase;
			buildActionMask = 2147483647;
			files = (
				AC4C64E0293518A2008E1966 /* LaunchScreen.storyboard in Resources */,
				AC4C64DD293518A2008E1966 /* Assets.xcassets in Resources */,
				AC4C64DB293518A0008E1966 /* Main.storyboard in Resources */,
			);
			runOnlyForDeploymentPostprocessing = 0;
		};
		AC4C64E4293518A2008E1966 /* Resources */ = {
			isa = PBXResourcesBuildPhase;
			buildActionMask = 2147483647;
			files = (
			);
			runOnlyForDeploymentPostprocessing = 0;
		};
		AC4C64EE293518A3008E1966 /* Resources */ = {
			isa = PBXResourcesBuildPhase;
			buildActionMask = 2147483647;
			files = (
			);
			runOnlyForDeploymentPostprocessing = 0;
		};
/* End PBXResourcesBuildPhase section */

/* Begin PBXSourcesBuildPhase section */
		AC4C64CC293518A0008E1966 /* Sources */ = {
			isa = PBXSourcesBuildPhase;
			buildActionMask = 2147483647;
			files = (
				AC4C64D8293518A0008E1966 /* ViewController.swift in Sources */,
				AC4C64D4293518A0008E1966 /* AppDelegate.swift in Sources */,
				ACAF3A692936709900AC3545 /* DegradadoLineal.swift in Sources */,
				AC4C64D6293518A0008E1966 /* SceneDelegate.swift in Sources */,
				AC4C650429351943008E1966 /* Graficos2D.swift in Sources */,
			);
			runOnlyForDeploymentPostprocessing = 0;
		};
		AC4C64E2293518A2008E1966 /* Sources */ = {
			isa = PBXSourcesBuildPhase;
			buildActionMask = 2147483647;
			files = (
				AC4C64EB293518A3008E1966 /* appSwiftGraficosIOsTests.swift in Sources */,
			);
			runOnlyForDeploymentPostprocessing = 0;
		};
		AC4C64EC293518A3008E1966 /* Sources */ = {
			isa = PBXSourcesBuildPhase;
			buildActionMask = 2147483647;
			files = (
				AC4C64F7293518A3008E1966 /* appSwiftGraficosIOsUITestsLaunchTests.swift in Sources */,
				AC4C64F5293518A3008E1966 /* appSwiftGraficosIOsUITests.swift in Sources */,
			);
			runOnlyForDeploymentPostprocessing = 0;
		};
/* End PBXSourcesBuildPhase section */

/* Begin PBXTargetDependency section */
		AC4C64E8293518A2008E1966 /* PBXTargetDependency */ = {
			isa = PBXTargetDependency;
			target = AC4C64CF293518A0008E1966 /* appSwiftGraficosIOs */;
			targetProxy = AC4C64E7293518A2008E1966 /* PBXContainerItemProxy */;
		};
		AC4C64F2293518A3008E1966 /* PBXTargetDependency */ = {
			isa = PBXTargetDependency;
			target = AC4C64CF293518A0008E1966 /* appSwiftGraficosIOs */;
			targetProxy = AC4C64F1293518A3008E1966 /* PBXContainerItemProxy */;
		};
/* End PBXTargetDependency section */

/* Begin PBXVariantGroup section */
		AC4C64D9293518A0008E1966 /* Main.storyboard */ = {
			isa = PBXVariantGroup;
			children = (
				AC4C64DA293518A0008E1966 /* Base */,
			);
			name = Main.storyboard;
			sourceTree = "<group>";
		};
		AC4C64DE293518A2008E1966 /* LaunchScreen.storyboard */ = {
			isa = PBXVariantGroup;
			children = (
				AC4C64DF293518A2008E1966 /* Base */,
			);
			name = LaunchScreen.storyboard;
			sourceTree = "<group>";
		};
/* End PBXVariantGroup section */

/* Begin XCBuildConfiguration section */
		AC4C64F8293518A3008E1966 /* Debug */ = {
			isa = XCBuildConfiguration;
			buildSettings = {
				ALWAYS_SEARCH_USER_PATHS = NO;
				CLANG_ANALYZER_NONNULL = YES;
				CLANG_ANALYZER_NUMBER_OBJECT_CONVERSION = YES_AGGRESSIVE;
				CLANG_CXX_LANGUAGE_STANDARD = "gnu++17";
				CLANG_ENABLE_MODULES = YES;
				CLANG_ENABLE_OBJC_ARC = YES;
				CLANG_ENABLE_OBJC_WEAK = YES;
				CLANG_WARN_BLOCK_CAPTURE_AUTORELEASING = YES;
				CLANG_WARN_BOOL_CONVERSION = YES;
				CLANG_WARN_COMMA = YES;
				CLANG_WARN_CONSTANT_CONVERSION = YES;
				CLANG_WARN_DEPRECATED_OBJC_IMPLEMENTATIONS = YES;
				CLANG_WARN_DIRECT_OBJC_ISA_USAGE = YES_ERROR;
				CLANG_WARN_DOCUMENTATION_COMMENTS = YES;
				CLANG_WARN_EMPTY_BODY = YES;
				CLANG_WARN_ENUM_CONVERSION = YES;
				CLANG_WARN_INFINITE_RECURSION = YES;
				CLANG_WARN_INT_CONVERSION = YES;
				CLANG_WARN_NON_LITERAL_NULL_CONVERSION = YES;
				CLANG_WARN_OBJC_IMPLICIT_RETAIN_SELF = YES;
				CLANG_WARN_OBJC_LITERAL_CONVERSION = YES;
				CLANG_WARN_OBJC_ROOT_CLASS = YES_ERROR;
				CLANG_WARN_QUOTED_INCLUDE_IN_FRAMEWORK_HEADER = YES;
				CLANG_WARN_RANGE_LOOP_ANALYSIS = YES;
				CLANG_WARN_STRICT_PROTOTYPES = YES;
				CLANG_WARN_SUSPICIOUS_MOVE = YES;
				CLANG_WARN_UNGUARDED_AVAILABILITY = YES_AGGRESSIVE;
				CLANG_WARN_UNREACHABLE_CODE = YES;
				CLANG_WARN__DUPLICATE_METHOD_MATCH = YES;
				COPY_PHASE_STRIP = NO;
				DEBUG_INFORMATION_FORMAT = dwarf;
				ENABLE_STRICT_OBJC_MSGSEND = YES;
				ENABLE_TESTABILITY = YES;
				GCC_C_LANGUAGE_STANDARD = gnu11;
				GCC_DYNAMIC_NO_PIC = NO;
				GCC_NO_COMMON_BLOCKS = YES;
				GCC_OPTIMIZATION_LEVEL = 0;
				GCC_PREPROCESSOR_DEFINITIONS = (
					"DEBUG=1",
					"$(inherited)",
				);
				GCC_WARN_64_TO_32_BIT_CONVERSION = YES;
				GCC_WARN_ABOUT_RETURN_TYPE = YES_ERROR;
				GCC_WARN_UNDECLARED_SELECTOR = YES;
				GCC_WARN_UNINITIALIZED_AUTOS = YES_AGGRESSIVE;
				GCC_WARN_UNUSED_FUNCTION = YES;
				GCC_WARN_UNUSED_VARIABLE = YES;
				IPHONEOS_DEPLOYMENT_TARGET = 15.5;
				MTL_ENABLE_DEBUG_INFO = INCLUDE_SOURCE;
				MTL_FAST_MATH = YES;
				ONLY_ACTIVE_ARCH = YES;
				SDKROOT = iphoneos;
				SWIFT_ACTIVE_COMPILATION_CONDITIONS = DEBUG;
				SWIFT_OPTIMIZATION_LEVEL = "-Onone";
			};
			name = Debug;
		};
		AC4C64F9293518A3008E1966 /* Release */ = {
			isa = XCBuildConfiguration;
			buildSettings = {
				ALWAYS_SEARCH_USER_PATHS = NO;
				CLANG_ANALYZER_NONNULL = YES;
				CLANG_ANALYZER_NUMBER_OBJECT_CONVERSION = YES_AGGRESSIVE;
				CLANG_CXX_LANGUAGE_STANDARD = "gnu++17";
				CLANG_ENABLE_MODULES = YES;
				CLANG_ENABLE_OBJC_ARC = YES;
				CLANG_ENABLE_OBJC_WEAK = YES;
				CLANG_WARN_BLOCK_CAPTURE_AUTORELEASING = YES;
				CLANG_WARN_BOOL_CONVERSION = YES;
				CLANG_WARN_COMMA = YES;
				CLANG_WARN_CONSTANT_CONVERSION = YES;
				CLANG_WARN_DEPRECATED_OBJC_IMPLEMENTATIONS = YES;
				CLANG_WARN_DIRECT_OBJC_ISA_USAGE = YES_ERROR;
				CLANG_WARN_DOCUMENTATION_COMMENTS = YES;
				CLANG_WARN_EMPTY_BODY = YES;
				CLANG_WARN_ENUM_CONVERSION = YES;
				CLANG_WARN_INFINITE_RECURSION = YES;
				CLANG_WARN_INT_CONVERSION = YES;
				CLANG_WARN_NON_LITERAL_NULL_CONVERSION = YES;
				CLANG_WARN_OBJC_IMPLICIT_RETAIN_SELF = YES;
				CLANG_WARN_OBJC_LITERAL_CONVERSION = YES;
				CLANG_WARN_OBJC_ROOT_CLASS = YES_ERROR;
				CLANG_WARN_QUOTED_INCLUDE_IN_FRAMEWORK_HEADER = YES;
				CLANG_WARN_RANGE_LOOP_ANALYSIS = YES;
				CLANG_WARN_STRICT_PROTOTYPES = YES;
				CLANG_WARN_SUSPICIOUS_MOVE = YES;
				CLANG_WARN_UNGUARDED_AVAILABILITY = YES_AGGRESSIVE;
				CLANG_WARN_UNREACHABLE_CODE = YES;
				CLANG_WARN__DUPLICATE_METHOD_MATCH = YES;
				COPY_PHASE_STRIP = NO;
				DEBUG_INFORMATION_FORMAT = "dwarf-with-dsym";
				ENABLE_NS_ASSERTIONS = NO;
				ENABLE_STRICT_OBJC_MSGSEND = YES;
				GCC_C_LANGUAGE_STANDARD = gnu11;
				GCC_NO_COMMON_BLOCKS = YES;
				GCC_WARN_64_TO_32_BIT_CONVERSION = YES;
				GCC_WARN_ABOUT_RETURN_TYPE = YES_ERROR;
				GCC_WARN_UNDECLARED_SELECTOR = YES;
				GCC_WARN_UNINITIALIZED_AUTOS = YES_AGGRESSIVE;
				GCC_WARN_UNUSED_FUNCTION = YES;
				GCC_WARN_UNUSED_VARIABLE = YES;
				IPHONEOS_DEPLOYMENT_TARGET = 15.5;
				MTL_ENABLE_DEBUG_INFO = NO;
				MTL_FAST_MATH = YES;
				SDKROOT = iphoneos;
				SWIFT_COMPILATION_MODE = wholemodule;
				SWIFT_OPTIMIZATION_LEVEL = "-O";
				VALIDATE_PRODUCT = YES;
			};
			name = Release;
		};
		AC4C64FB293518A3008E1966 /* Debug */ = {
			isa = XCBuildConfiguration;
			buildSettings = {
				ASSETCATALOG_COMPILER_APPICON_NAME = AppIcon;
				ASSETCATALOG_COMPILER_GLOBAL_ACCENT_COLOR_NAME = AccentColor;
				CODE_SIGN_STYLE = Automatic;
				CURRENT_PROJECT_VERSION = 1;
				GENERATE_INFOPLIST_FILE = YES;
				INFOPLIST_FILE = appSwiftGraficosIOs/Info.plist;
				INFOPLIST_KEY_UIApplicationSupportsIndirectInputEvents = YES;
				INFOPLIST_KEY_UILaunchStoryboardName = LaunchScreen;
				INFOPLIST_KEY_UIMainStoryboardFile = Main;
				INFOPLIST_KEY_UISupportedInterfaceOrientations_iPad = "UIInterfaceOrientationPortrait UIInterfaceOrientationPortraitUpsideDown UIInterfaceOrientationLandscapeLeft UIInterfaceOrientationLandscapeRight";
				INFOPLIST_KEY_UISupportedInterfaceOrientations_iPhone = "UIInterfaceOrientationPortrait UIInterfaceOrientationLandscapeLeft UIInterfaceOrientationLandscapeRight";
				LD_RUNPATH_SEARCH_PATHS = (
					"$(inherited)",
					"@executable_path/Frameworks",
				);
				MARKETING_VERSION = 1.0;
				PRODUCT_BUNDLE_IDENTIFIER = RETBOT.appSwiftGraficosIOs;
				PRODUCT_NAME = "$(TARGET_NAME)";
				SWIFT_EMIT_LOC_STRINGS = YES;
				SWIFT_VERSION = 5.0;
				TARGETED_DEVICE_FAMILY = "1,2";
			};
			name = Debug;
		};
		AC4C64FC293518A3008E1966 /* Release */ = {
			isa = XCBuildConfiguration;
			buildSettings = {
				ASSETCATALOG_COMPILER_APPICON_NAME = AppIcon;
				ASSETCATALOG_COMPILER_GLOBAL_ACCENT_COLOR_NAME = AccentColor;
				CODE_SIGN_STYLE = Automatic;
				CURRENT_PROJECT_VERSION = 1;
				GENERATE_INFOPLIST_FILE = YES;
				INFOPLIST_FILE = appSwiftGraficosIOs/Info.plist;
				INFOPLIST_KEY_UIApplicationSupportsIndirectInputEvents = YES;
				INFOPLIST_KEY_UILaunchStoryboardName = LaunchScreen;
				INFOPLIST_KEY_UIMainStoryboardFile = Main;
				INFOPLIST_KEY_UISupportedInterfaceOrientations_iPad = "UIInterfaceOrientationPortrait UIInterfaceOrientationPortraitUpsideDown UIInterfaceOrientationLandscapeLeft UIInterfaceOrientationLandscapeRight";
				INFOPLIST_KEY_UISupportedInterfaceOrientations_iPhone = "UIInterfaceOrientationPortrait UIInterfaceOrientationLandscapeLeft UIInterfaceOrientationLandscapeRight";
				LD_RUNPATH_SEARCH_PATHS = (
					"$(inherited)",
					"@executable_path/Frameworks",
				);
				MARKETING_VERSION = 1.0;
				PRODUCT_BUNDLE_IDENTIFIER = RETBOT.appSwiftGraficosIOs;
				PRODUCT_NAME = "$(TARGET_NAME)";
				SWIFT_EMIT_LOC_STRINGS = YES;
				SWIFT_VERSION = 5.0;
				TARGETED_DEVICE_FAMILY = "1,2";
			};
			name = Release;
		};
		AC4C64FE293518A3008E1966 /* Debug */ = {
			isa = XCBuildConfiguration;
			buildSettings = {
				ALWAYS_EMBED_SWIFT_STANDARD_LIBRARIES = YES;
				BUNDLE_LOADER = "$(TEST_HOST)";
				CODE_SIGN_STYLE = Automatic;
				CURRENT_PROJECT_VERSION = 1;
				GENERATE_INFOPLIST_FILE = YES;
				IPHONEOS_DEPLOYMENT_TARGET = 15.5;
				MARKETING_VERSION = 1.0;
				PRODUCT_BUNDLE_IDENTIFIER = RETBOT.appSwiftGraficosIOsTests;
				PRODUCT_NAME = "$(TARGET_NAME)";
				SWIFT_EMIT_LOC_STRINGS = NO;
				SWIFT_VERSION = 5.0;
				TARGETED_DEVICE_FAMILY = "1,2";
				TEST_HOST = "$(BUILT_PRODUCTS_DIR)/appSwiftGraficosIOs.app/appSwiftGraficosIOs";
			};
			name = Debug;
		};
		AC4C64FF293518A3008E1966 /* Release */ = {
			isa = XCBuildConfiguration;
			buildSettings = {
				ALWAYS_EMBED_SWIFT_STANDARD_LIBRARIES = YES;
				BUNDLE_LOADER = "$(TEST_HOST)";
				CODE_SIGN_STYLE = Automatic;
				CURRENT_PROJECT_VERSION = 1;
				GENERATE_INFOPLIST_FILE = YES;
				IPHONEOS_DEPLOYMENT_TARGET = 15.5;
				MARKETING_VERSION = 1.0;
				PRODUCT_BUNDLE_IDENTIFIER = RETBOT.appSwiftGraficosIOsTests;
				PRODUCT_NAME = "$(TARGET_NAME)";
				SWIFT_EMIT_LOC_STRINGS = NO;
				SWIFT_VERSION = 5.0;
				TARGETED_DEVICE_FAMILY = "1,2";
				TEST_HOST = "$(BUILT_PRODUCTS_DIR)/appSwiftGraficosIOs.app/appSwiftGraficosIOs";
			};
			name = Release;
		};
		AC4C6501293518A3008E1966 /* Debug */ = {
			isa = XCBuildConfiguration;
			buildSettings = {
				ALWAYS_EMBED_SWIFT_STANDARD_LIBRARIES = YES;
				CODE_SIGN_STYLE = Automatic;
				CURRENT_PROJECT_VERSION = 1;
				GENERATE_INFOPLIST_FILE = YES;
				MARKETING_VERSION = 1.0;
				PRODUCT_BUNDLE_IDENTIFIER = RETBOT.appSwiftGraficosIOsUITests;
				PRODUCT_NAME = "$(TARGET_NAME)";
				SWIFT_EMIT_LOC_STRINGS = NO;
				SWIFT_VERSION = 5.0;
				TARGETED_DEVICE_FAMILY = "1,2";
				TEST_TARGET_NAME = appSwiftGraficosIOs;
			};
			name = Debug;
		};
		AC4C6502293518A3008E1966 /* Release */ = {
			isa = XCBuildConfiguration;
			buildSettings = {
				ALWAYS_EMBED_SWIFT_STANDARD_LIBRARIES = YES;
				CODE_SIGN_STYLE = Automatic;
				CURRENT_PROJECT_VERSION = 1;
				GENERATE_INFOPLIST_FILE = YES;
				MARKETING_VERSION = 1.0;
				PRODUCT_BUNDLE_IDENTIFIER = RETBOT.appSwiftGraficosIOsUITests;
				PRODUCT_NAME = "$(TARGET_NAME)";
				SWIFT_EMIT_LOC_STRINGS = NO;
				SWIFT_VERSION = 5.0;
				TARGETED_DEVICE_FAMILY = "1,2";
				TEST_TARGET_NAME = appSwiftGraficosIOs;
			};
			name = Release;
		};
/* End XCBuildConfiguration section */

/* Begin XCConfigurationList section */
		AC4C64CB293518A0008E1966 /* Build configuration list for PBXProject "appSwiftGraficosIOs" */ = {
			isa = XCConfigurationList;
			buildConfigurations = (
				AC4C64F8293518A3008E1966 /* Debug */,
				AC4C64F9293518A3008E1966 /* Release */,
			);
			defaultConfigurationIsVisible = 0;
			defaultConfigurationName = Release;
		};
		AC4C64FA293518A3008E1966 /* Build configuration list for PBXNativeTarget "appSwiftGraficosIOs" */ = {
			isa = XCConfigurationList;
			buildConfigurations = (
				AC4C64FB293518A3008E1966 /* Debug */,
				AC4C64FC293518A3008E1966 /* Release */,
			);
			defaultConfigurationIsVisible = 0;
			defaultConfigurationName = Release;
		};
		AC4C64FD293518A3008E1966 /* Build configuration list for PBXNativeTarget "appSwiftGraficosIOsTests" */ = {
			isa = XCConfigurationList;
			buildConfigurations = (
				AC4C64FE293518A3008E1966 /* Debug */,
				AC4C64FF293518A3008E1966 /* Release */,
			);
			defaultConfigurationIsVisible = 0;
			defaultConfigurationName = Release;
		};
		AC4C6500293518A3008E1966 /* Build configuration list for PBXNativeTarget "appSwiftGraficosIOsUITests" */ = {
			isa = XCConfigurationList;
			buildConfigurations = (
				AC4C6501293518A3008E1966 /* Debug */,
				AC4C6502293518A3008E1966 /* Release */,
			);
			defaultConfigurationIsVisible = 0;
			defaultConfigurationName = Release;
		};
/* End XCConfigurationList section */
	};
	rootObject = AC4C64C8293518A0008E1966 /* Project object */;
}
